
Microsoft Visual Studio Solution File, Format Version 12.00
# Visual Studio 15
VisualStudioVersion = 15.0.28307.106
MinimumVisualStudioVersion = 10.0.40219.1
Project("{FAE04EC0-301F-11D3-BF4B-00C04F79EFBC}") = "DoToo.Android", "DoToo\DoToo.Android\DoToo.Android.csproj", "{8F6317F4-679A-43DA-B63E-B8080B64B3E5}"
EndProject
Project("{FAE04EC0-301F-11D3-BF4B-00C04F79EFBC}") = "DoToo.iOS", "DoToo\DoToo.iOS\DoToo.iOS.csproj", "{C9C2BC05-741F-4AE3-859B-68716C9BF17A}"
EndProject
Project("{FAE04EC0-301F-11D3-BF4B-00C04F79EFBC}") = "DoToo.UWP", "DoToo\DoToo.UWP\DoToo.UWP.csproj", "{E142EA85-9FED-4F0D-BBA9-762DD1D0DE10}"
EndProject
Project("{FAE04EC0-301F-11D3-BF4B-00C04F79EFBC}") = "DoToo", "DoToo\DoToo\DoToo.csproj", "{CF328C29-8E5E-4558-80A7-9C5413374ECE}"
EndProject
Global
	GlobalSection(SolutionConfigurationPlatforms) = preSolution
		Ad-Hoc|Any CPU = Ad-Hoc|Any CPU
		Ad-Hoc|ARM = Ad-Hoc|ARM
		Ad-Hoc|iPhone = Ad-Hoc|iPhone
		Ad-Hoc|iPhoneSimulator = Ad-Hoc|iPhoneSimulator
		Ad-Hoc|x64 = Ad-Hoc|x64
		Ad-Hoc|x86 = Ad-Hoc|x86
		AppStore|Any CPU = AppStore|Any CPU
		AppStore|ARM = AppStore|ARM
		AppStore|iPhone = AppStore|iPhone
		AppStore|iPhoneSimulator = AppStore|iPhoneSimulator
		AppStore|x64 = AppStore|x64
		AppStore|x86 = AppStore|x86
		Debug|Any CPU = Debug|Any CPU
		Debug|ARM = Debug|ARM
		Debug|iPhone = Debug|iPhone
		Debug|iPhoneSimulator = Debug|iPhoneSimulator
		Debug|x64 = Debug|x64
		Debug|x86 = Debug|x86
		Release|Any CPU = Release|Any CPU
		Release|ARM = Release|ARM
		Release|iPhone = Release|iPhone
		Release|iPhoneSimulator = Release|iPhoneSimulator
		Release|x64 = Release|x64
		Release|x86 = Release|x86
	EndGlobalSection
	GlobalSection(ProjectConfigurationPlatforms) = postSolution
		{8F6317F4-679A-43DA-B63E-B8080B64B3E5}.Ad-Hoc|Any CPU.ActiveCfg = Release|Any CPU
		{8F6317F4-679A-43DA-B63E-B8080B64B3E5}.Ad-Hoc|Any CPU.Build.0 = Release|Any CPU
		{8F6317F4-679A-43DA-B63E-B8080B64B3E5}.Ad-Hoc|Any CPU.Deploy.0 = Release|Any CPU
		{8F6317F4-679A-43DA-B63E-B8080B64B3E5}.Ad-Hoc|ARM.ActiveCfg = Release|Any CPU
		{8F6317F4-679A-43DA-B63E-B8080B64B3E5}.Ad-Hoc|ARM.Build.0 = Release|Any CPU
		{8F6317F4-679A-43DA-B63E-B8080B64B3E5}.Ad-Hoc|ARM.Deploy.0 = Release|Any CPU
		{8F6317F4-679A-43DA-B63E-B8080B64B3E5}.Ad-Hoc|iPhone.ActiveCfg = Release|Any CPU
		{8F6317F4-679A-43DA-B63E-B8080B64B3E5}.Ad-Hoc|iPhone.Build.0 = Release|Any CPU
		{8F6317F4-679A-43DA-B63E-B8080B64B3E5}.Ad-Hoc|iPhone.Deploy.0 = Release|Any CPU
		{8F6317F4-679A-43DA-B63E-B8080B64B3E5}.Ad-Hoc|iPhoneSimulator.ActiveCfg = Release|Any CPU
		{8F6317F4-679A-43DA-B63E-B8080B64B3E5}.Ad-Hoc|iPhoneSimulator.Build.0 = Release|Any CPU
		{8F6317F4-679A-43DA-B63E-B8080B64B3E5}.Ad-Hoc|iPhoneSimulator.Deploy.0 = Release|Any CPU
		{8F6317F4-679A-43DA-B63E-B8080B64B3E5}.Ad-Hoc|x64.ActiveCfg = Release|Any CPU
		{8F6317F4-679A-43DA-B63E-B8080B64B3E5}.Ad-Hoc|x64.Build.0 = Release|Any CPU
		{8F6317F4-679A-43DA-B63E-B8080B64B3E5}.Ad-Hoc|x64.Deploy.0 = Release|Any CPU
		{8F6317F4-679A-43DA-B63E-B8080B64B3E5}.Ad-Hoc|x86.ActiveCfg = Release|Any CPU
		{8F6317F4-679A-43DA-B63E-B8080B64B3E5}.Ad-Hoc|x86.Build.0 = Release|Any CPU
		{8F6317F4-679A-43DA-B63E-B8080B64B3E5}.Ad-Hoc|x86.Deploy.0 = Release|Any CPU
		{8F6317F4-679A-43DA-B63E-B8080B64B3E5}.AppStore|Any CPU.ActiveCfg = Release|Any CPU
		{8F6317F4-679A-43DA-B63E-B8080B64B3E5}.AppStore|Any CPU.Build.0 = Release|Any CPU
		{8F6317F4-679A-43DA-B63E-B8080B64B3E5}.AppStore|Any CPU.Deploy.0 = Release|Any CPU
		{8F6317F4-679A-43DA-B63E-B8080B64B3E5}.AppStore|ARM.ActiveCfg = Release|Any CPU
		{8F6317F4-679A-43DA-B63E-B8080B64B3E5}.AppStore|ARM.Build.0 = Release|Any CPU
		{8F6317F4-679A-43DA-B63E-B8080B64B3E5}.AppStore|ARM.Deploy.0 = Release|Any CPU
		{8F6317F4-679A-43DA-B63E-B8080B64B3E5}.AppStore|iPhone.ActiveCfg = Release|Any CPU
		{8F6317F4-679A-43DA-B63E-B8080B64B3E5}.AppStore|iPhone.Build.0 = Release|Any CPU
		{8F6317F4-679A-43DA-B63E-B8080B64B3E5}.AppStore|iPhone.Deploy.0 = Release|Any CPU
		{8F6317F4-679A-43DA-B63E-B8080B64B3E5}.AppStore|iPhoneSimulator.ActiveCfg = Release|Any CPU
		{8F6317F4-679A-43DA-B63E-B8080B64B3E5}.AppStore|iPhoneSimulator.Build.0 = Release|Any CPU
		{8F6317F4-679A-43DA-B63E-B8080B64B3E5}.AppStore|iPhoneSimulator.Deploy.0 = Release|Any CPU
		{8F6317F4-679A-43DA-B63E-B8080B64B3E5}.AppStore|x64.ActiveCfg = Release|Any CPU
		{8F6317F4-679A-43DA-B63E-B8080B64B3E5}.AppStore|x64.Build.0 = Release|Any CPU
		{8F6317F4-679A-43DA-B63E-B8080B64B3E5}.AppStore|x64.Deploy.0 = Release|Any CPU
		{8F6317F4-679A-43DA-B63E-B8080B64B3E5}.AppStore|x86.ActiveCfg = Release|Any CPU
		{8F6317F4-679A-43DA-B63E-B8080B64B3E5}.AppStore|x86.Build.0 = Release|Any CPU
		{8F6317F4-679A-43DA-B63E-B8080B64B3E5}.AppStore|x86.Deploy.0 = Release|Any CPU
		{8F6317F4-679A-43DA-B63E-B8080B64B3E5}.Debug|Any CPU.ActiveCfg = Debug|Any CPU
		{8F6317F4-679A-43DA-B63E-B8080B64B3E5}.Debug|Any CPU.Build.0 = Debug|Any CPU
		{8F6317F4-679A-43DA-B63E-B8080B64B3E5}.Debug|Any CPU.Deploy.0 = Debug|Any CPU
		{8F6317F4-679A-43DA-B63E-B8080B64B3E5}.Debug|ARM.ActiveCfg = Debug|Any CPU
		{8F6317F4-679A-43DA-B63E-B8080B64B3E5}.Debug|ARM.Build.0 = Debug|Any CPU
		{8F6317F4-679A-43DA-B63E-B8080B64B3E5}.Debug|ARM.Deploy.0 = Debug|Any CPU
		{8F6317F4-679A-43DA-B63E-B8080B64B3E5}.Debug|iPhone.ActiveCfg = Debug|Any CPU
		{8F6317F4-679A-43DA-B63E-B8080B64B3E5}.Debug|iPhone.Build.0 = Debug|Any CPU
		{8F6317F4-679A-43DA-B63E-B8080B64B3E5}.Debug|iPhone.Deploy.0 = Debug|Any CPU
		{8F6317F4-679A-43DA-B63E-B8080B64B3E5}.Debug|iPhoneSimulator.ActiveCfg = Debug|Any CPU
		{8F6317F4-679A-43DA-B63E-B8080B64B3E5}.Debug|iPhoneSimulator.Build.0 = Debug|Any CPU
		{8F6317F4-679A-43DA-B63E-B8080B64B3E5}.Debug|iPhoneSimulator.Deploy.0 = Debug|Any CPU
		{8F6317F4-679A-43DA-B63E-B8080B64B3E5}.Debug|x64.ActiveCfg = Debug|Any CPU
		{8F6317F4-679A-43DA-B63E-B8080B64B3E5}.Debug|x64.Build.0 = Debug|Any CPU
		{8F6317F4-679A-43DA-B63E-B8080B64B3E5}.Debug|x64.Deploy.0 = Debug|Any CPU
		{8F6317F4-679A-43DA-B63E-B8080B64B3E5}.Debug|x86.ActiveCfg = Debug|Any CPU
		{8F6317F4-679A-43DA-B63E-B8080B64B3E5}.Debug|x86.Build.0 = Debug|Any CPU
		{8F6317F4-679A-43DA-B63E-B8080B64B3E5}.Debug|x86.Deploy.0 = Debug|Any CPU
		{8F6317F4-679A-43DA-B63E-B8080B64B3E5}.Release|Any CPU.ActiveCfg = Release|Any CPU
		{8F6317F4-679A-43DA-B63E-B8080B64B3E5}.Release|Any CPU.Build.0 = Release|Any CPU
		{8F6317F4-679A-43DA-B63E-B8080B64B3E5}.Release|Any CPU.Deploy.0 = Release|Any CPU
		{8F6317F4-679A-43DA-B63E-B8080B64B3E5}.Release|ARM.ActiveCfg = Release|Any CPU
		{8F6317F4-679A-43DA-B63E-B8080B64B3E5}.Release|ARM.Build.0 = Release|Any CPU
		{8F6317F4-679A-43DA-B63E-B8080B64B3E5}.Release|ARM.Deploy.0 = Release|Any CPU
		{8F6317F4-679A-43DA-B63E-B8080B64B3E5}.Release|iPhone.ActiveCfg = Release|Any CPU
		{8F6317F4-679A-43DA-B63E-B8080B64B3E5}.Release|iPhone.Build.0 = Release|Any CPU
		{8F6317F4-679A-43DA-B63E-B8080B64B3E5}.Release|iPhone.Deploy.0 = Release|Any CPU
		{8F6317F4-679A-43DA-B63E-B8080B64B3E5}.Release|iPhoneSimulator.ActiveCfg = Release|Any CPU
		{8F6317F4-679A-43DA-B63E-B8080B64B3E5}.Release|iPhoneSimulator.Build.0 = Release|Any CPU
		{8F6317F4-679A-43DA-B63E-B8080B64B3E5}.Release|iPhoneSimulator.Deploy.0 = Release|Any CPU
		{8F6317F4-679A-43DA-B63E-B8080B64B3E5}.Release|x64.ActiveCfg = Release|Any CPU
		{8F6317F4-679A-43DA-B63E-B8080B64B3E5}.Release|x64.Build.0 = Release|Any CPU
		{8F6317F4-679A-43DA-B63E-B8080B64B3E5}.Release|x64.Deploy.0 = Release|Any CPU
		{8F6317F4-679A-43DA-B63E-B8080B64B3E5}.Release|x86.ActiveCfg = Release|Any CPU
		{8F6317F4-679A-43DA-B63E-B8080B64B3E5}.Release|x86.Build.0 = Release|Any CPU
		{8F6317F4-679A-43DA-B63E-B8080B64B3E5}.Release|x86.Deploy.0 = Release|Any CPU
		{C9C2BC05-741F-4AE3-859B-68716C9BF17A}.Ad-Hoc|Any CPU.ActiveCfg = Ad-Hoc|iPhone
		{C9C2BC05-741F-4AE3-859B-68716C9BF17A}.Ad-Hoc|Any CPU.Build.0 = Ad-Hoc|iPhone
		{C9C2BC05-741F-4AE3-859B-68716C9BF17A}.Ad-Hoc|Any CPU.Deploy.0 = Ad-Hoc|iPhone
		{C9C2BC05-741F-4AE3-859B-68716C9BF17A}.Ad-Hoc|ARM.ActiveCfg = Ad-Hoc|iPhone
		{C9C2BC05-741F-4AE3-859B-68716C9BF17A}.Ad-Hoc|ARM.Build.0 = Ad-Hoc|iPhone
		{C9C2BC05-741F-4AE3-859B-68716C9BF17A}.Ad-Hoc|ARM.Deploy.0 = Ad-Hoc|iPhone
		{C9C2BC05-741F-4AE3-859B-68716C9BF17A}.Ad-Hoc|iPhone.ActiveCfg = Ad-Hoc|iPhone
		{C9C2BC05-741F-4AE3-859B-68716C9BF17A}.Ad-Hoc|iPhone.Build.0 = Ad-Hoc|iPhone
		{C9C2BC05-741F-4AE3-859B-68716C9BF17A}.Ad-Hoc|iPhone.Deploy.0 = Ad-Hoc|iPhone
		{C9C2BC05-741F-4AE3-859B-68716C9BF17A}.Ad-Hoc|iPhoneSimulator.ActiveCfg = Ad-Hoc|iPhoneSimulator
		{C9C2BC05-741F-4AE3-859B-68716C9BF17A}.Ad-Hoc|iPhoneSimulator.Build.0 = Ad-Hoc|iPhoneSimulator
		{C9C2BC05-741F-4AE3-859B-68716C9BF17A}.Ad-Hoc|iPhoneSimulator.Deploy.0 = Ad-Hoc|iPhoneSimulator
		{C9C2BC05-741F-4AE3-859B-68716C9BF17A}.Ad-Hoc|x64.ActiveCfg = Ad-Hoc|iPhone
		{C9C2BC05-741F-4AE3-859B-68716C9BF17A}.Ad-Hoc|x64.Build.0 = Ad-Hoc|iPhone
		{C9C2BC05-741F-4AE3-859B-68716C9BF17A}.Ad-Hoc|x64.Deploy.0 = Ad-Hoc|iPhone
		{C9C2BC05-741F-4AE3-859B-68716C9BF17A}.Ad-Hoc|x86.ActiveCfg = Ad-Hoc|iPhone
		{C9C2BC05-741F-4AE3-859B-68716C9BF17A}.Ad-Hoc|x86.Build.0 = Ad-Hoc|iPhone
		{C9C2BC05-741F-4AE3-859B-68716C9BF17A}.Ad-Hoc|x86.Deploy.0 = Ad-Hoc|iPhone
		{C9C2BC05-741F-4AE3-859B-68716C9BF17A}.AppStore|Any CPU.ActiveCfg = AppStore|iPhone
		{C9C2BC05-741F-4AE3-859B-68716C9BF17A}.AppStore|Any CPU.Build.0 = AppStore|iPhone
		{C9C2BC05-741F-4AE3-859B-68716C9BF17A}.AppStore|Any CPU.Deploy.0 = AppStore|iPhone
		{C9C2BC05-741F-4AE3-859B-68716C9BF17A}.AppStore|ARM.ActiveCfg = AppStore|iPhone
		{C9C2BC05-741F-4AE3-859B-68716C9BF17A}.AppStore|ARM.Build.0 = AppStore|iPhone
		{C9C2BC05-741F-4AE3-859B-68716C9BF17A}.AppStore|ARM.Deploy.0 = AppStore|iPhone
		{C9C2BC05-741F-4AE3-859B-68716C9BF17A}.AppStore|iPhone.ActiveCfg = AppStore|iPhone
		{C9C2BC05-741F-4AE3-859B-68716C9BF17A}.AppStore|iPhone.Build.0 = AppStore|iPhone
		{C9C2BC05-741F-4AE3-859B-68716C9BF17A}.AppStore|iPhone.Deploy.0 = AppStore|iPhone
		{C9C2BC05-741F-4AE3-859B-68716C9BF17A}.AppStore|iPhoneSimulator.ActiveCfg = AppStore|iPhoneSimulator
		{C9C2BC05-741F-4AE3-859B-68716C9BF17A}.AppStore|iPhoneSimulator.Build.0 = AppStore|iPhoneSimulator
		{C9C2BC05-741F-4AE3-859B-68716C9BF17A}.AppStore|iPhoneSimulator.Deploy.0 = AppStore|iPhoneSimulator
		{C9C2BC05-741F-4AE3-859B-68716C9BF17A}.AppStore|x64.ActiveCfg = AppStore|iPhone
		{C9C2BC05-741F-4AE3-859B-68716C9BF17A}.AppStore|x64.Build.0 = AppStore|iPhone
		{C9C2BC05-741F-4AE3-859B-68716C9BF17A}.AppStore|x64.Deploy.0 = AppStore|iPhone
		{C9C2BC05-741F-4AE3-859B-68716C9BF17A}.AppStore|x86.ActiveCfg = AppStore|iPhone
		{C9C2BC05-741F-4AE3-859B-68716C9BF17A}.AppStore|x86.Build.0 = AppStore|iPhone
		{C9C2BC05-741F-4AE3-859B-68716C9BF17A}.AppStore|x86.Deploy.0 = AppStore|iPhone
		{C9C2BC05-741F-4AE3-859B-68716C9BF17A}.Debug|Any CPU.ActiveCfg = Debug|iPhoneSimulator
		{C9C2BC05-741F-4AE3-859B-68716C9BF17A}.Debug|Any CPU.Build.0 = Debug|iPhoneSimulator
		{C9C2BC05-741F-4AE3-859B-68716C9BF17A}.Debug|Any CPU.Deploy.0 = Debug|iPhoneSimulator
		{C9C2BC05-741F-4AE3-859B-68716C9BF17A}.Debug|ARM.ActiveCfg = Debug|iPhone
		{C9C2BC05-741F-4AE3-859B-68716C9BF17A}.Debug|ARM.Build.0 = Debug|iPhone
		{C9C2BC05-741F-4AE3-859B-68716C9BF17A}.Debug|ARM.Deploy.0 = Debug|iPhone
		{C9C2BC05-741F-4AE3-859B-68716C9BF17A}.Debug|iPhone.ActiveCfg = Debug|iPhone
		{C9C2BC05-741F-4AE3-859B-68716C9BF17A}.Debug|iPhone.Build.0 = Debug|iPhone
		{C9C2BC05-741F-4AE3-859B-68716C9BF17A}.Debug|iPhone.Deploy.0 = Debug|iPhone
		{C9C2BC05-741F-4AE3-859B-68716C9BF17A}.Debug|iPhoneSimulator.ActiveCfg = Debug|iPhoneSimulator
		{C9C2BC05-741F-4AE3-859B-68716C9BF17A}.Debug|iPhoneSimulator.Build.0 = Debug|iPhoneSimulator
		{C9C2BC05-741F-4AE3-859B-68716C9BF17A}.Debug|iPhoneSimulator.Deploy.0 = Debug|iPhoneSimulator
		{C9C2BC05-741F-4AE3-859B-68716C9BF17A}.Debug|x64.ActiveCfg = Debug|iPhone
		{C9C2BC05-741F-4AE3-859B-68716C9BF17A}.Debug|x64.Build.0 = Debug|iPhone
		{C9C2BC05-741F-4AE3-859B-68716C9BF17A}.Debug|x64.Deploy.0 = Debug|iPhone
		{C9C2BC05-741F-4AE3-859B-68716C9BF17A}.Debug|x86.ActiveCfg = Debug|iPhone
		{C9C2BC05-741F-4AE3-859B-68716C9BF17A}.Debug|x86.Build.0 = Debug|iPhone
		{C9C2BC05-741F-4AE3-859B-68716C9BF17A}.Debug|x86.Deploy.0 = Debug|iPhone
		{C9C2BC05-741F-4AE3-859B-68716C9BF17A}.Release|Any CPU.ActiveCfg = Release|iPhone
		{C9C2BC05-741F-4AE3-859B-68716C9BF17A}.Release|Any CPU.Build.0 = Release|iPhone
		{C9C2BC05-741F-4AE3-859B-68716C9BF17A}.Release|Any CPU.Deploy.0 = Release|iPhone
		{C9C2BC05-741F-4AE3-859B-68716C9BF17A}.Release|ARM.ActiveCfg = Release|iPhone
		{C9C2BC05-741F-4AE3-859B-68716C9BF17A}.Release|ARM.Build.0 = Release|iPhone
		{C9C2BC05-741F-4AE3-859B-68716C9BF17A}.Release|ARM.Deploy.0 = Release|iPhone
		{C9C2BC05-741F-4AE3-859B-68716C9BF17A}.Release|iPhone.ActiveCfg = Release|iPhone
		{C9C2BC05-741F-4AE3-859B-68716C9BF17A}.Release|iPhone.Build.0 = Release|iPhone
		{C9C2BC05-741F-4AE3-859B-68716C9BF17A}.Release|iPhone.Deploy.0 = Release|iPhone
		{C9C2BC05-741F-4AE3-859B-68716C9BF17A}.Release|iPhoneSimulator.ActiveCfg = Release|iPhoneSimulator
		{C9C2BC05-741F-4AE3-859B-68716C9BF17A}.Release|iPhoneSimulator.Build.0 = Release|iPhoneSimulator
		{C9C2BC05-741F-4AE3-859B-68716C9BF17A}.Release|iPhoneSimulator.Deploy.0 = Release|iPhoneSimulator
		{C9C2BC05-741F-4AE3-859B-68716C9BF17A}.Release|x64.ActiveCfg = Release|iPhone
		{C9C2BC05-741F-4AE3-859B-68716C9BF17A}.Release|x64.Build.0 = Release|iPhone
		{C9C2BC05-741F-4AE3-859B-68716C9BF17A}.Release|x64.Deploy.0 = Release|iPhone
		{C9C2BC05-741F-4AE3-859B-68716C9BF17A}.Release|x86.ActiveCfg = Release|iPhone
		{C9C2BC05-741F-4AE3-859B-68716C9BF17A}.Release|x86.Build.0 = Release|iPhone
		{C9C2BC05-741F-4AE3-859B-68716C9BF17A}.Release|x86.Deploy.0 = Release|iPhone
		{E142EA85-9FED-4F0D-BBA9-762DD1D0DE10}.Ad-Hoc|Any CPU.ActiveCfg = Release|x86
		{E142EA85-9FED-4F0D-BBA9-762DD1D0DE10}.Ad-Hoc|Any CPU.Build.0 = Release|x86
		{E142EA85-9FED-4F0D-BBA9-762DD1D0DE10}.Ad-Hoc|Any CPU.Deploy.0 = Release|x86
		{E142EA85-9FED-4F0D-BBA9-762DD1D0DE10}.Ad-Hoc|ARM.ActiveCfg = Release|ARM
		{E142EA85-9FED-4F0D-BBA9-762DD1D0DE10}.Ad-Hoc|ARM.Build.0 = Release|ARM
		{E142EA85-9FED-4F0D-BBA9-762DD1D0DE10}.Ad-Hoc|ARM.Deploy.0 = Release|ARM
		{E142EA85-9FED-4F0D-BBA9-762DD1D0DE10}.Ad-Hoc|iPhone.ActiveCfg = Release|x86
		{E142EA85-9FED-4F0D-BBA9-762DD1D0DE10}.Ad-Hoc|iPhone.Build.0 = Release|x86
		{E142EA85-9FED-4F0D-BBA9-762DD1D0DE10}.Ad-Hoc|iPhone.Deploy.0 = Release|x86
		{E142EA85-9FED-4F0D-BBA9-762DD1D0DE10}.Ad-Hoc|iPhoneSimulator.ActiveCfg = Release|x86
		{E142EA85-9FED-4F0D-BBA9-762DD1D0DE10}.Ad-Hoc|iPhoneSimulator.Build.0 = Release|x86
		{E142EA85-9FED-4F0D-BBA9-762DD1D0DE10}.Ad-Hoc|iPhoneSimulator.Deploy.0 = Release|x86
		{E142EA85-9FED-4F0D-BBA9-762DD1D0DE10}.Ad-Hoc|x64.ActiveCfg = Release|x64
		{E142EA85-9FED-4F0D-BBA9-762DD1D0DE10}.Ad-Hoc|x64.Build.0 = Release|x64
		{E142EA85-9FED-4F0D-BBA9-762DD1D0DE10}.Ad-Hoc|x64.Deploy.0 = Release|x64
		{E142EA85-9FED-4F0D-BBA9-762DD1D0DE10}.Ad-Hoc|x86.ActiveCfg = Release|x86
		{E142EA85-9FED-4F0D-BBA9-762DD1D0DE10}.Ad-Hoc|x86.Build.0 = Release|x86
		{E142EA85-9FED-4F0D-BBA9-762DD1D0DE10}.Ad-Hoc|x86.Deploy.0 = Release|x86
		{E142EA85-9FED-4F0D-BBA9-762DD1D0DE10}.AppStore|Any CPU.ActiveCfg = Release|x86
		{E142EA85-9FED-4F0D-BBA9-762DD1D0DE10}.AppStore|Any CPU.Build.0 = Release|x86
		{E142EA85-9FED-4F0D-BBA9-762DD1D0DE10}.AppStore|Any CPU.Deploy.0 = Release|x86
		{E142EA85-9FED-4F0D-BBA9-762DD1D0DE10}.AppStore|ARM.ActiveCfg = Release|ARM
		{E142EA85-9FED-4F0D-BBA9-762DD1D0DE10}.AppStore|ARM.Build.0 = Release|ARM
		{E142EA85-9FED-4F0D-BBA9-762DD1D0DE10}.AppStore|ARM.Deploy.0 = Release|ARM
		{E142EA85-9FED-4F0D-BBA9-762DD1D0DE10}.AppStore|iPhone.ActiveCfg = Release|x86
		{E142EA85-9FED-4F0D-BBA9-762DD1D0DE10}.AppStore|iPhone.Build.0 = Release|x86
		{E142EA85-9FED-4F0D-BBA9-762DD1D0DE10}.AppStore|iPhone.Deploy.0 = Release|x86
		{E142EA85-9FED-4F0D-BBA9-762DD1D0DE10}.AppStore|iPhoneSimulator.ActiveCfg = Release|x86
		{E142EA85-9FED-4F0D-BBA9-762DD1D0DE10}.AppStore|iPhoneSimulator.Build.0 = Release|x86
		{E142EA85-9FED-4F0D-BBA9-762DD1D0DE10}.AppStore|iPhoneSimulator.Deploy.0 = Release|x86
		{E142EA85-9FED-4F0D-BBA9-762DD1D0DE10}.AppStore|x64.ActiveCfg = Release|x64
		{E142EA85-9FED-4F0D-BBA9-762DD1D0DE10}.AppStore|x64.Build.0 = Release|x64
		{E142EA85-9FED-4F0D-BBA9-762DD1D0DE10}.AppStore|x64.Deploy.0 = Release|x64
		{E142EA85-9FED-4F0D-BBA9-762DD1D0DE10}.AppStore|x86.ActiveCfg = Release|x86
		{E142EA85-9FED-4F0D-BBA9-762DD1D0DE10}.AppStore|x86.Build.0 = Release|x86
		{E142EA85-9FED-4F0D-BBA9-762DD1D0DE10}.AppStore|x86.Deploy.0 = Release|x86
		{E142EA85-9FED-4F0D-BBA9-762DD1D0DE10}.Debug|Any CPU.ActiveCfg = Debug|x86
		{E142EA85-9FED-4F0D-BBA9-762DD1D0DE10}.Debug|Any CPU.Build.0 = Debug|x86
		{E142EA85-9FED-4F0D-BBA9-762DD1D0DE10}.Debug|Any CPU.Deploy.0 = Debug|x86
		{E142EA85-9FED-4F0D-BBA9-762DD1D0DE10}.Debug|ARM.ActiveCfg = Debug|ARM
		{E142EA85-9FED-4F0D-BBA9-762DD1D0DE10}.Debug|ARM.Build.0 = Debug|ARM
		{E142EA85-9FED-4F0D-BBA9-762DD1D0DE10}.Debug|ARM.Deploy.0 = Debug|ARM
		{E142EA85-9FED-4F0D-BBA9-762DD1D0DE10}.Debug|iPhone.ActiveCfg = Debug|x86
		{E142EA85-9FED-4F0D-BBA9-762DD1D0DE10}.Debug|iPhone.Build.0 = Debug|x86
		{E142EA85-9FED-4F0D-BBA9-762DD1D0DE10}.Debug|iPhone.Deploy.0 = Debug|x86
		{E142EA85-9FED-4F0D-BBA9-762DD1D0DE10}.Debug|iPhoneSimulator.ActiveCfg = Debug|x86
		{E142EA85-9FED-4F0D-BBA9-762DD1D0DE10}.Debug|iPhoneSimulator.Build.0 = Debug|x86
		{E142EA85-9FED-4F0D-BBA9-762DD1D0DE10}.Debug|iPhoneSimulator.Deploy.0 = Debug|x86
		{E142EA85-9FED-4F0D-BBA9-762DD1D0DE10}.Debug|x64.ActiveCfg = Debug|x64
		{E142EA85-9FED-4F0D-BBA9-762DD1D0DE10}.Debug|x64.Build.0 = Debug|x64
		{E142EA85-9FED-4F0D-BBA9-762DD1D0DE10}.Debug|x64.Deploy.0 = Debug|x64
		{E142EA85-9FED-4F0D-BBA9-762DD1D0DE10}.Debug|x86.ActiveCfg = Debug|x86
		{E142EA85-9FED-4F0D-BBA9-762DD1D0DE10}.Debug|x86.Build.0 = Debug|x86
		{E142EA85-9FED-4F0D-BBA9-762DD1D0DE10}.Debug|x86.Deploy.0 = Debug|x86
		{E142EA85-9FED-4F0D-BBA9-762DD1D0DE10}.Release|Any CPU.ActiveCfg = Release|x86
		{E142EA85-9FED-4F0D-BBA9-762DD1D0DE10}.Release|Any CPU.Build.0 = Release|x86
		{E142EA85-9FED-4F0D-BBA9-762DD1D0DE10}.Release|Any CPU.Deploy.0 = Release|x86
		{E142EA85-9FED-4F0D-BBA9-762DD1D0DE10}.Release|ARM.ActiveCfg = Release|ARM
		{E142EA85-9FED-4F0D-BBA9-762DD1D0DE10}.Release|ARM.Build.0 = Release|ARM
		{E142EA85-9FED-4F0D-BBA9-762DD1D0DE10}.Release|ARM.Deploy.0 = Release|ARM
		{E142EA85-9FED-4F0D-BBA9-762DD1D0DE10}.Release|iPhone.ActiveCfg = Release|x86
		{E142EA85-9FED-4F0D-BBA9-762DD1D0DE10}.Release|iPhone.Build.0 = Release|x86
		{E142EA85-9FED-4F0D-BBA9-762DD1D0DE10}.Release|iPhone.Deploy.0 = Release|x86
		{E142EA85-9FED-4F0D-BBA9-762DD1D0DE10}.Release|iPhoneSimulator.ActiveCfg = Release|x86
		{E142EA85-9FED-4F0D-BBA9-762DD1D0DE10}.Release|iPhoneSimulator.Build.0 = Release|x86
		{E142EA85-9FED-4F0D-BBA9-762DD1D0DE10}.Release|iPhoneSimulator.Deploy.0 = Release|x86
		{E142EA85-9FED-4F0D-BBA9-762DD1D0DE10}.Release|x64.ActiveCfg = Release|x64
		{E142EA85-9FED-4F0D-BBA9-762DD1D0DE10}.Release|x64.Build.0 = Release|x64
		{E142EA85-9FED-4F0D-BBA9-762DD1D0DE10}.Release|x64.Deploy.0 = Release|x64
		{E142EA85-9FED-4F0D-BBA9-762DD1D0DE10}.Release|x86.ActiveCfg = Release|x86
		{E142EA85-9FED-4F0D-BBA9-762DD1D0DE10}.Release|x86.Build.0 = Release|x86
		{E142EA85-9FED-4F0D-BBA9-762DD1D0DE10}.Release|x86.Deploy.0 = Release|x86
		{CF328C29-8E5E-4558-80A7-9C5413374ECE}.Ad-Hoc|Any CPU.ActiveCfg = Debug|Any CPU
		{CF328C29-8E5E-4558-80A7-9C5413374ECE}.Ad-Hoc|Any CPU.Build.0 = Debug|Any CPU
		{CF328C29-8E5E-4558-80A7-9C5413374ECE}.Ad-Hoc|Any CPU.Deploy.0 = Debug|Any CPU
		{CF328C29-8E5E-4558-80A7-9C5413374ECE}.Ad-Hoc|ARM.ActiveCfg = Debug|Any CPU
		{CF328C29-8E5E-4558-80A7-9C5413374ECE}.Ad-Hoc|ARM.Build.0 = Debug|Any CPU
		{CF328C29-8E5E-4558-80A7-9C5413374ECE}.Ad-Hoc|ARM.Deploy.0 = Debug|Any CPU
		{CF328C29-8E5E-4558-80A7-9C5413374ECE}.Ad-Hoc|iPhone.ActiveCfg = Debug|Any CPU
		{CF328C29-8E5E-4558-80A7-9C5413374ECE}.Ad-Hoc|iPhone.Build.0 = Debug|Any CPU
		{CF328C29-8E5E-4558-80A7-9C5413374ECE}.Ad-Hoc|iPhone.Deploy.0 = Debug|Any CPU
		{CF328C29-8E5E-4558-80A7-9C5413374ECE}.Ad-Hoc|iPhoneSimulator.ActiveCfg = Debug|Any CPU
		{CF328C29-8E5E-4558-80A7-9C5413374ECE}.Ad-Hoc|iPhoneSimulator.Build.0 = Debug|Any CPU
		{CF328C29-8E5E-4558-80A7-9C5413374ECE}.Ad-Hoc|iPhoneSimulator.Deploy.0 = Debug|Any CPU
		{CF328C29-8E5E-4558-80A7-9C5413374ECE}.Ad-Hoc|x64.ActiveCfg = Debug|Any CPU
		{CF328C29-8E5E-4558-80A7-9C5413374ECE}.Ad-Hoc|x64.Build.0 = Debug|Any CPU
		{CF328C29-8E5E-4558-80A7-9C5413374ECE}.Ad-Hoc|x64.Deploy.0 = Debug|Any CPU
		{CF328C29-8E5E-4558-80A7-9C5413374ECE}.Ad-Hoc|x86.ActiveCfg = Debug|Any CPU
		{CF328C29-8E5E-4558-80A7-9C5413374ECE}.Ad-Hoc|x86.Build.0 = Debug|Any CPU
		{CF328C29-8E5E-4558-80A7-9C5413374ECE}.Ad-Hoc|x86.Deploy.0 = Debug|Any CPU
		{CF328C29-8E5E-4558-80A7-9C5413374ECE}.AppStore|Any CPU.ActiveCfg = Debug|Any CPU
		{CF328C29-8E5E-4558-80A7-9C5413374ECE}.AppStore|Any CPU.Build.0 = Debug|Any CPU
		{CF328C29-8E5E-4558-80A7-9C5413374ECE}.AppStore|Any CPU.Deploy.0 = Debug|Any CPU
		{CF328C29-8E5E-4558-80A7-9C5413374ECE}.AppStore|ARM.ActiveCfg = Debug|Any CPU
		{CF328C29-8E5E-4558-80A7-9C5413374ECE}.AppStore|ARM.Build.0 = Debug|Any CPU
		{CF328C29-8E5E-4558-80A7-9C5413374ECE}.AppStore|ARM.Deploy.0 = Debug|Any CPU
		{CF328C29-8E5E-4558-80A7-9C5413374ECE}.AppStore|iPhone.ActiveCfg = Debug|Any CPU
		{CF328C29-8E5E-4558-80A7-9C5413374ECE}.AppStore|iPhone.Build.0 = Debug|Any CPU
		{CF328C29-8E5E-4558-80A7-9C5413374ECE}.AppStore|iPhone.Deploy.0 = Debug|Any CPU
		{CF328C29-8E5E-4558-80A7-9C5413374ECE}.AppStore|iPhoneSimulator.ActiveCfg = Debug|Any CPU
		{CF328C29-8E5E-4558-80A7-9C5413374ECE}.AppStore|iPhoneSimulator.Build.0 = Debug|Any CPU
		{CF328C29-8E5E-4558-80A7-9C5413374ECE}.AppStore|iPhoneSimulator.Deploy.0 = Debug|Any CPU
		{CF328C29-8E5E-4558-80A7-9C5413374ECE}.AppStore|x64.ActiveCfg = Debug|Any CPU
		{CF328C29-8E5E-4558-80A7-9C5413374ECE}.AppStore|x64.Build.0 = Debug|Any CPU
		{CF328C29-8E5E-4558-80A7-9C5413374ECE}.AppStore|x64.Deploy.0 = Debug|Any CPU
		{CF328C29-8E5E-4558-80A7-9C5413374ECE}.AppStore|x86.ActiveCfg = Debug|Any CPU
		{CF328C29-8E5E-4558-80A7-9C5413374ECE}.AppStore|x86.Build.0 = Debug|Any CPU
		{CF328C29-8E5E-4558-80A7-9C5413374ECE}.AppStore|x86.Deploy.0 = Debug|Any CPU
		{CF328C29-8E5E-4558-80A7-9C5413374ECE}.Debug|Any CPU.ActiveCfg = Debug|Any CPU
		{CF328C29-8E5E-4558-80A7-9C5413374ECE}.Debug|Any CPU.Build.0 = Debug|Any CPU
		{CF328C29-8E5E-4558-80A7-9C5413374ECE}.Debug|Any CPU.Deploy.0 = Debug|Any CPU
		{CF328C29-8E5E-4558-80A7-9C5413374ECE}.Debug|ARM.ActiveCfg = Debug|Any CPU
		{CF328C29-8E5E-4558-80A7-9C5413374ECE}.Debug|ARM.Build.0 = Debug|Any CPU
		{CF328C29-8E5E-4558-80A7-9C5413374ECE}.Debug|ARM.Deploy.0 = Debug|Any CPU
		{CF328C29-8E5E-4558-80A7-9C5413374ECE}.Debug|iPhone.ActiveCfg = Debug|Any CPU
		{CF328C29-8E5E-4558-80A7-9C5413374ECE}.Debug|iPhone.Build.0 = Debug|Any CPU
		{CF328C29-8E5E-4558-80A7-9C5413374ECE}.Debug|iPhone.Deploy.0 = Debug|Any CPU
		{CF328C29-8E5E-4558-80A7-9C5413374ECE}.Debug|iPhoneSimulator.ActiveCfg = Debug|Any CPU
		{CF328C29-8E5E-4558-80A7-9C5413374ECE}.Debug|iPhoneSimulator.Build.0 = Debug|Any CPU
		{CF328C29-8E5E-4558-80A7-9C5413374ECE}.Debug|iPhoneSimulator.Deploy.0 = Debug|Any CPU
		{CF328C29-8E5E-4558-80A7-9C5413374ECE}.Debug|x64.ActiveCfg = Debug|Any CPU
		{CF328C29-8E5E-4558-80A7-9C5413374ECE}.Debug|x64.Build.0 = Debug|Any CPU
		{CF328C29-8E5E-4558-80A7-9C5413374ECE}.Debug|x64.Deploy.0 = Debug|Any CPU
		{CF328C29-8E5E-4558-80A7-9C5413374ECE}.Debug|x86.ActiveCfg = Debug|Any CPU
		{CF328C29-8E5E-4558-80A7-9C5413374ECE}.Debug|x86.Build.0 = Debug|Any CPU
		{CF328C29-8E5E-4558-80A7-9C5413374ECE}.Debug|x86.Deploy.0 = Debug|Any CPU
		{CF328C29-8E5E-4558-80A7-9C5413374ECE}.Release|Any CPU.ActiveCfg = Release|Any CPU
		{CF328C29-8E5E-4558-80A7-9C5413374ECE}.Release|Any CPU.Build.0 = Release|Any CPU
		{CF328C29-8E5E-4558-80A7-9C5413374ECE}.Release|Any CPU.Deploy.0 = Release|Any CPU
		{CF328C29-8E5E-4558-80A7-9C5413374ECE}.Release|ARM.ActiveCfg = Release|Any CPU
		{CF328C29-8E5E-4558-80A7-9C5413374ECE}.Release|ARM.Build.0 = Release|Any CPU
		{CF328C29-8E5E-4558-80A7-9C5413374ECE}.Release|ARM.Deploy.0 = Release|Any CPU
		{CF328C29-8E5E-4558-80A7-9C5413374ECE}.Release|iPhone.ActiveCfg = Release|Any CPU
		{CF328C29-8E5E-4558-80A7-9C5413374ECE}.Release|iPhone.Build.0 = Release|Any CPU
		{CF328C29-8E5E-4558-80A7-9C5413374ECE}.Release|iPhone.Deploy.0 = Release|Any CPU
		{CF328C29-8E5E-4558-80A7-9C5413374ECE}.Release|iPhoneSimulator.ActiveCfg = Release|Any CPU
		{CF328C29-8E5E-4558-80A7-9C5413374ECE}.Release|iPhoneSimulator.Build.0 = Release|Any CPU
		{CF328C29-8E5E-4558-80A7-9C5413374ECE}.Release|iPhoneSimulator.Deploy.0 = Release|Any CPU
		{CF328C29-8E5E-4558-80A7-9C5413374ECE}.Release|x64.ActiveCfg = Release|Any CPU
		{CF328C29-8E5E-4558-80A7-9C5413374ECE}.Release|x64.Build.0 = Release|Any CPU
		{CF328C29-8E5E-4558-80A7-9C5413374ECE}.Release|x64.Deploy.0 = Release|Any CPU
		{CF328C29-8E5E-4558-80A7-9C5413374ECE}.Release|x86.ActiveCfg = Release|Any CPU
		{CF328C29-8E5E-4558-80A7-9C5413374ECE}.Release|x86.Build.0 = Release|Any CPU
		{CF328C29-8E5E-4558-80A7-9C5413374ECE}.Release|x86.Deploy.0 = Release|Any CPU
	EndGlobalSection
	GlobalSection(SolutionProperties) = preSolution
		HideSolutionNode = FALSE
	EndGlobalSection
	GlobalSection(ExtensibilityGlobals) = postSolution
		SolutionGuid = {335B8B3D-C7A2-4751-8699-77A2E321C06C}
	EndGlobalSection
EndGlobal
