
Microsoft Visual Studio Solution File, Format Version 12.00
# Visual Studio 15
VisualStudioVersion = 15.0.28307.136
MinimumVisualStudioVersion = 10.0.40219.1
Project("{9A19103F-16F7-4668-BE54-9A1E7A4F7556}") = "Chat.Functions", "Chat.Functions\Chat.Functions.csproj", "{6A6305E4-B3BD-4B5F-8103-57E80B6B9BD5}"
EndProject
Project("{FAE04EC0-301F-11D3-BF4B-00C04F79EFBC}") = "Chat.Messages", "Chat.Messages\Chat.Messages.csproj", "{D5E308E8-8340-4779-A625-17D30F45AA91}"
EndProject
Project("{FAE04EC0-301F-11D3-BF4B-00C04F79EFBC}") = "Chat.Android", "Chat\Chat.Android\Chat.Android.csproj", "{B0D82398-0A41-4959-AB88-23F2B0757642}"
EndProject
Project("{FAE04EC0-301F-11D3-BF4B-00C04F79EFBC}") = "Chat.iOS", "Chat\Chat.iOS\Chat.iOS.csproj", "{7AF4E00E-CA5F-4763-B320-24D8047777E2}"
EndProject
Project("{FAE04EC0-301F-11D3-BF4B-00C04F79EFBC}") = "Chat", "Chat\Chat\Chat.csproj", "{4202FB03-7639-4273-AABC-2756F9340C18}"
EndProject
Global
	GlobalSection(SolutionConfigurationPlatforms) = preSolution
		Ad-Hoc|Any CPU = Ad-Hoc|Any CPU
		Ad-Hoc|iPhone = Ad-Hoc|iPhone
		Ad-Hoc|iPhoneSimulator = Ad-Hoc|iPhoneSimulator
		AppStore|Any CPU = AppStore|Any CPU
		AppStore|iPhone = AppStore|iPhone
		AppStore|iPhoneSimulator = AppStore|iPhoneSimulator
		Debug|Any CPU = Debug|Any CPU
		Debug|iPhone = Debug|iPhone
		Debug|iPhoneSimulator = Debug|iPhoneSimulator
		Release|Any CPU = Release|Any CPU
		Release|iPhone = Release|iPhone
		Release|iPhoneSimulator = Release|iPhoneSimulator
	EndGlobalSection
	GlobalSection(ProjectConfigurationPlatforms) = postSolution
		{6A6305E4-B3BD-4B5F-8103-57E80B6B9BD5}.Ad-Hoc|Any CPU.ActiveCfg = Release|Any CPU
		{6A6305E4-B3BD-4B5F-8103-57E80B6B9BD5}.Ad-Hoc|Any CPU.Build.0 = Release|Any CPU
		{6A6305E4-B3BD-4B5F-8103-57E80B6B9BD5}.Ad-Hoc|iPhone.ActiveCfg = Release|Any CPU
		{6A6305E4-B3BD-4B5F-8103-57E80B6B9BD5}.Ad-Hoc|iPhone.Build.0 = Release|Any CPU
		{6A6305E4-B3BD-4B5F-8103-57E80B6B9BD5}.Ad-Hoc|iPhoneSimulator.ActiveCfg = Release|Any CPU
		{6A6305E4-B3BD-4B5F-8103-57E80B6B9BD5}.Ad-Hoc|iPhoneSimulator.Build.0 = Release|Any CPU
		{6A6305E4-B3BD-4B5F-8103-57E80B6B9BD5}.AppStore|Any CPU.ActiveCfg = Release|Any CPU
		{6A6305E4-B3BD-4B5F-8103-57E80B6B9BD5}.AppStore|Any CPU.Build.0 = Release|Any CPU
		{6A6305E4-B3BD-4B5F-8103-57E80B6B9BD5}.AppStore|iPhone.ActiveCfg = Release|Any CPU
		{6A6305E4-B3BD-4B5F-8103-57E80B6B9BD5}.AppStore|iPhone.Build.0 = Release|Any CPU
		{6A6305E4-B3BD-4B5F-8103-57E80B6B9BD5}.AppStore|iPhoneSimulator.ActiveCfg = Release|Any CPU
		{6A6305E4-B3BD-4B5F-8103-57E80B6B9BD5}.AppStore|iPhoneSimulator.Build.0 = Release|Any CPU
		{6A6305E4-B3BD-4B5F-8103-57E80B6B9BD5}.Debug|Any CPU.ActiveCfg = Debug|Any CPU
		{6A6305E4-B3BD-4B5F-8103-57E80B6B9BD5}.Debug|Any CPU.Build.0 = Debug|Any CPU
		{6A6305E4-B3BD-4B5F-8103-57E80B6B9BD5}.Debug|iPhone.ActiveCfg = Debug|Any CPU
		{6A6305E4-B3BD-4B5F-8103-57E80B6B9BD5}.Debug|iPhone.Build.0 = Debug|Any CPU
		{6A6305E4-B3BD-4B5F-8103-57E80B6B9BD5}.Debug|iPhoneSimulator.ActiveCfg = Debug|Any CPU
		{6A6305E4-B3BD-4B5F-8103-57E80B6B9BD5}.Debug|iPhoneSimulator.Build.0 = Debug|Any CPU
		{6A6305E4-B3BD-4B5F-8103-57E80B6B9BD5}.Release|Any CPU.ActiveCfg = Release|Any CPU
		{6A6305E4-B3BD-4B5F-8103-57E80B6B9BD5}.Release|Any CPU.Build.0 = Release|Any CPU
		{6A6305E4-B3BD-4B5F-8103-57E80B6B9BD5}.Release|iPhone.ActiveCfg = Release|Any CPU
		{6A6305E4-B3BD-4B5F-8103-57E80B6B9BD5}.Release|iPhone.Build.0 = Release|Any CPU
		{6A6305E4-B3BD-4B5F-8103-57E80B6B9BD5}.Release|iPhoneSimulator.ActiveCfg = Release|Any CPU
		{6A6305E4-B3BD-4B5F-8103-57E80B6B9BD5}.Release|iPhoneSimulator.Build.0 = Release|Any CPU
		{D5E308E8-8340-4779-A625-17D30F45AA91}.Ad-Hoc|Any CPU.ActiveCfg = Debug|Any CPU
		{D5E308E8-8340-4779-A625-17D30F45AA91}.Ad-Hoc|Any CPU.Build.0 = Debug|Any CPU
		{D5E308E8-8340-4779-A625-17D30F45AA91}.Ad-Hoc|iPhone.ActiveCfg = Debug|Any CPU
		{D5E308E8-8340-4779-A625-17D30F45AA91}.Ad-Hoc|iPhone.Build.0 = Debug|Any CPU
		{D5E308E8-8340-4779-A625-17D30F45AA91}.Ad-Hoc|iPhoneSimulator.ActiveCfg = Debug|Any CPU
		{D5E308E8-8340-4779-A625-17D30F45AA91}.Ad-Hoc|iPhoneSimulator.Build.0 = Debug|Any CPU
		{D5E308E8-8340-4779-A625-17D30F45AA91}.AppStore|Any CPU.ActiveCfg = Debug|Any CPU
		{D5E308E8-8340-4779-A625-17D30F45AA91}.AppStore|Any CPU.Build.0 = Debug|Any CPU
		{D5E308E8-8340-4779-A625-17D30F45AA91}.AppStore|iPhone.ActiveCfg = Debug|Any CPU
		{D5E308E8-8340-4779-A625-17D30F45AA91}.AppStore|iPhone.Build.0 = Debug|Any CPU
		{D5E308E8-8340-4779-A625-17D30F45AA91}.AppStore|iPhoneSimulator.ActiveCfg = Debug|Any CPU
		{D5E308E8-8340-4779-A625-17D30F45AA91}.AppStore|iPhoneSimulator.Build.0 = Debug|Any CPU
		{D5E308E8-8340-4779-A625-17D30F45AA91}.Debug|Any CPU.ActiveCfg = Debug|Any CPU
		{D5E308E8-8340-4779-A625-17D30F45AA91}.Debug|Any CPU.Build.0 = Debug|Any CPU
		{D5E308E8-8340-4779-A625-17D30F45AA91}.Debug|iPhone.ActiveCfg = Debug|Any CPU
		{D5E308E8-8340-4779-A625-17D30F45AA91}.Debug|iPhone.Build.0 = Debug|Any CPU
		{D5E308E8-8340-4779-A625-17D30F45AA91}.Debug|iPhoneSimulator.ActiveCfg = Debug|Any CPU
		{D5E308E8-8340-4779-A625-17D30F45AA91}.Debug|iPhoneSimulator.Build.0 = Debug|Any CPU
		{D5E308E8-8340-4779-A625-17D30F45AA91}.Release|Any CPU.ActiveCfg = Release|Any CPU
		{D5E308E8-8340-4779-A625-17D30F45AA91}.Release|Any CPU.Build.0 = Release|Any CPU
		{D5E308E8-8340-4779-A625-17D30F45AA91}.Release|iPhone.ActiveCfg = Release|Any CPU
		{D5E308E8-8340-4779-A625-17D30F45AA91}.Release|iPhone.Build.0 = Release|Any CPU
		{D5E308E8-8340-4779-A625-17D30F45AA91}.Release|iPhoneSimulator.ActiveCfg = Release|Any CPU
		{D5E308E8-8340-4779-A625-17D30F45AA91}.Release|iPhoneSimulator.Build.0 = Release|Any CPU
		{B0D82398-0A41-4959-AB88-23F2B0757642}.Ad-Hoc|Any CPU.ActiveCfg = Release|Any CPU
		{B0D82398-0A41-4959-AB88-23F2B0757642}.Ad-Hoc|Any CPU.Build.0 = Release|Any CPU
		{B0D82398-0A41-4959-AB88-23F2B0757642}.Ad-Hoc|Any CPU.Deploy.0 = Release|Any CPU
		{B0D82398-0A41-4959-AB88-23F2B0757642}.Ad-Hoc|iPhone.ActiveCfg = Release|Any CPU
		{B0D82398-0A41-4959-AB88-23F2B0757642}.Ad-Hoc|iPhone.Build.0 = Release|Any CPU
		{B0D82398-0A41-4959-AB88-23F2B0757642}.Ad-Hoc|iPhone.Deploy.0 = Release|Any CPU
		{B0D82398-0A41-4959-AB88-23F2B0757642}.Ad-Hoc|iPhoneSimulator.ActiveCfg = Release|Any CPU
		{B0D82398-0A41-4959-AB88-23F2B0757642}.Ad-Hoc|iPhoneSimulator.Build.0 = Release|Any CPU
		{B0D82398-0A41-4959-AB88-23F2B0757642}.Ad-Hoc|iPhoneSimulator.Deploy.0 = Release|Any CPU
		{B0D82398-0A41-4959-AB88-23F2B0757642}.AppStore|Any CPU.ActiveCfg = Release|Any CPU
		{B0D82398-0A41-4959-AB88-23F2B0757642}.AppStore|Any CPU.Build.0 = Release|Any CPU
		{B0D82398-0A41-4959-AB88-23F2B0757642}.AppStore|Any CPU.Deploy.0 = Release|Any CPU
		{B0D82398-0A41-4959-AB88-23F2B0757642}.AppStore|iPhone.ActiveCfg = Release|Any CPU
		{B0D82398-0A41-4959-AB88-23F2B0757642}.AppStore|iPhone.Build.0 = Release|Any CPU
		{B0D82398-0A41-4959-AB88-23F2B0757642}.AppStore|iPhone.Deploy.0 = Release|Any CPU
		{B0D82398-0A41-4959-AB88-23F2B0757642}.AppStore|iPhoneSimulator.ActiveCfg = Release|Any CPU
		{B0D82398-0A41-4959-AB88-23F2B0757642}.AppStore|iPhoneSimulator.Build.0 = Release|Any CPU
		{B0D82398-0A41-4959-AB88-23F2B0757642}.AppStore|iPhoneSimulator.Deploy.0 = Release|Any CPU
		{B0D82398-0A41-4959-AB88-23F2B0757642}.Debug|Any CPU.ActiveCfg = Debug|Any CPU
		{B0D82398-0A41-4959-AB88-23F2B0757642}.Debug|Any CPU.Build.0 = Debug|Any CPU
		{B0D82398-0A41-4959-AB88-23F2B0757642}.Debug|Any CPU.Deploy.0 = Debug|Any CPU
		{B0D82398-0A41-4959-AB88-23F2B0757642}.Debug|iPhone.ActiveCfg = Debug|Any CPU
		{B0D82398-0A41-4959-AB88-23F2B0757642}.Debug|iPhone.Build.0 = Debug|Any CPU
		{B0D82398-0A41-4959-AB88-23F2B0757642}.Debug|iPhone.Deploy.0 = Debug|Any CPU
		{B0D82398-0A41-4959-AB88-23F2B0757642}.Debug|iPhoneSimulator.ActiveCfg = Debug|Any CPU
		{B0D82398-0A41-4959-AB88-23F2B0757642}.Debug|iPhoneSimulator.Build.0 = Debug|Any CPU
		{B0D82398-0A41-4959-AB88-23F2B0757642}.Debug|iPhoneSimulator.Deploy.0 = Debug|Any CPU
		{B0D82398-0A41-4959-AB88-23F2B0757642}.Release|Any CPU.ActiveCfg = Release|Any CPU
		{B0D82398-0A41-4959-AB88-23F2B0757642}.Release|Any CPU.Build.0 = Release|Any CPU
		{B0D82398-0A41-4959-AB88-23F2B0757642}.Release|Any CPU.Deploy.0 = Release|Any CPU
		{B0D82398-0A41-4959-AB88-23F2B0757642}.Release|iPhone.ActiveCfg = Release|Any CPU
		{B0D82398-0A41-4959-AB88-23F2B0757642}.Release|iPhone.Build.0 = Release|Any CPU
		{B0D82398-0A41-4959-AB88-23F2B0757642}.Release|iPhone.Deploy.0 = Release|Any CPU
		{B0D82398-0A41-4959-AB88-23F2B0757642}.Release|iPhoneSimulator.ActiveCfg = Release|Any CPU
		{B0D82398-0A41-4959-AB88-23F2B0757642}.Release|iPhoneSimulator.Build.0 = Release|Any CPU
		{B0D82398-0A41-4959-AB88-23F2B0757642}.Release|iPhoneSimulator.Deploy.0 = Release|Any CPU
		{7AF4E00E-CA5F-4763-B320-24D8047777E2}.Ad-Hoc|Any CPU.ActiveCfg = Ad-Hoc|iPhone
		{7AF4E00E-CA5F-4763-B320-24D8047777E2}.Ad-Hoc|iPhone.ActiveCfg = Ad-Hoc|iPhone
		{7AF4E00E-CA5F-4763-B320-24D8047777E2}.Ad-Hoc|iPhone.Build.0 = Ad-Hoc|iPhone
		{7AF4E00E-CA5F-4763-B320-24D8047777E2}.Ad-Hoc|iPhoneSimulator.ActiveCfg = Ad-Hoc|iPhoneSimulator
		{7AF4E00E-CA5F-4763-B320-24D8047777E2}.Ad-Hoc|iPhoneSimulator.Build.0 = Ad-Hoc|iPhoneSimulator
		{7AF4E00E-CA5F-4763-B320-24D8047777E2}.AppStore|Any CPU.ActiveCfg = AppStore|iPhone
		{7AF4E00E-CA5F-4763-B320-24D8047777E2}.AppStore|iPhone.ActiveCfg = AppStore|iPhone
		{7AF4E00E-CA5F-4763-B320-24D8047777E2}.AppStore|iPhone.Build.0 = AppStore|iPhone
		{7AF4E00E-CA5F-4763-B320-24D8047777E2}.AppStore|iPhoneSimulator.ActiveCfg = AppStore|iPhoneSimulator
		{7AF4E00E-CA5F-4763-B320-24D8047777E2}.AppStore|iPhoneSimulator.Build.0 = AppStore|iPhoneSimulator
		{7AF4E00E-CA5F-4763-B320-24D8047777E2}.Debug|Any CPU.ActiveCfg = Debug|iPhone
		{7AF4E00E-CA5F-4763-B320-24D8047777E2}.Debug|iPhone.ActiveCfg = Debug|iPhone
		{7AF4E00E-CA5F-4763-B320-24D8047777E2}.Debug|iPhone.Build.0 = Debug|iPhone
		{7AF4E00E-CA5F-4763-B320-24D8047777E2}.Debug|iPhoneSimulator.ActiveCfg = Debug|iPhoneSimulator
		{7AF4E00E-CA5F-4763-B320-24D8047777E2}.Debug|iPhoneSimulator.Build.0 = Debug|iPhoneSimulator
		{7AF4E00E-CA5F-4763-B320-24D8047777E2}.Release|Any CPU.ActiveCfg = Release|iPhone
		{7AF4E00E-CA5F-4763-B320-24D8047777E2}.Release|iPhone.ActiveCfg = Release|iPhone
		{7AF4E00E-CA5F-4763-B320-24D8047777E2}.Release|iPhone.Build.0 = Release|iPhone
		{7AF4E00E-CA5F-4763-B320-24D8047777E2}.Release|iPhoneSimulator.ActiveCfg = Release|iPhoneSimulator
		{7AF4E00E-CA5F-4763-B320-24D8047777E2}.Release|iPhoneSimulator.Build.0 = Release|iPhoneSimulator
		{4202FB03-7639-4273-AABC-2756F9340C18}.Ad-Hoc|Any CPU.ActiveCfg = Debug|Any CPU
		{4202FB03-7639-4273-AABC-2756F9340C18}.Ad-Hoc|Any CPU.Build.0 = Debug|Any CPU
		{4202FB03-7639-4273-AABC-2756F9340C18}.Ad-Hoc|iPhone.ActiveCfg = Debug|Any CPU
		{4202FB03-7639-4273-AABC-2756F9340C18}.Ad-Hoc|iPhone.Build.0 = Debug|Any CPU
		{4202FB03-7639-4273-AABC-2756F9340C18}.Ad-Hoc|iPhoneSimulator.ActiveCfg = Debug|Any CPU
		{4202FB03-7639-4273-AABC-2756F9340C18}.Ad-Hoc|iPhoneSimulator.Build.0 = Debug|Any CPU
		{4202FB03-7639-4273-AABC-2756F9340C18}.AppStore|Any CPU.ActiveCfg = Debug|Any CPU
		{4202FB03-7639-4273-AABC-2756F9340C18}.AppStore|Any CPU.Build.0 = Debug|Any CPU
		{4202FB03-7639-4273-AABC-2756F9340C18}.AppStore|iPhone.ActiveCfg = Debug|Any CPU
		{4202FB03-7639-4273-AABC-2756F9340C18}.AppStore|iPhone.Build.0 = Debug|Any CPU
		{4202FB03-7639-4273-AABC-2756F9340C18}.AppStore|iPhoneSimulator.ActiveCfg = Debug|Any CPU
		{4202FB03-7639-4273-AABC-2756F9340C18}.AppStore|iPhoneSimulator.Build.0 = Debug|Any CPU
		{4202FB03-7639-4273-AABC-2756F9340C18}.Debug|Any CPU.ActiveCfg = Debug|Any CPU
		{4202FB03-7639-4273-AABC-2756F9340C18}.Debug|Any CPU.Build.0 = Debug|Any CPU
		{4202FB03-7639-4273-AABC-2756F9340C18}.Debug|iPhone.ActiveCfg = Debug|Any CPU
		{4202FB03-7639-4273-AABC-2756F9340C18}.Debug|iPhone.Build.0 = Debug|Any CPU
		{4202FB03-7639-4273-AABC-2756F9340C18}.Debug|iPhoneSimulator.ActiveCfg = Debug|Any CPU
		{4202FB03-7639-4273-AABC-2756F9340C18}.Debug|iPhoneSimulator.Build.0 = Debug|Any CPU
		{4202FB03-7639-4273-AABC-2756F9340C18}.Release|Any CPU.ActiveCfg = Release|Any CPU
		{4202FB03-7639-4273-AABC-2756F9340C18}.Release|Any CPU.Build.0 = Release|Any CPU
		{4202FB03-7639-4273-AABC-2756F9340C18}.Release|iPhone.ActiveCfg = Release|Any CPU
		{4202FB03-7639-4273-AABC-2756F9340C18}.Release|iPhone.Build.0 = Release|Any CPU
		{4202FB03-7639-4273-AABC-2756F9340C18}.Release|iPhoneSimulator.ActiveCfg = Release|Any CPU
		{4202FB03-7639-4273-AABC-2756F9340C18}.Release|iPhoneSimulator.Build.0 = Release|Any CPU
	EndGlobalSection
	GlobalSection(SolutionProperties) = preSolution
		HideSolutionNode = FALSE
	EndGlobalSection
	GlobalSection(ExtensibilityGlobals) = postSolution
		SolutionGuid = {1EA0ADC4-0CE8-4608-8681-6BEBC1CF3853}
	EndGlobalSection
EndGlobal
