
Microsoft Visual Studio Solution File, Format Version 12.00
# Visual Studio 15
VisualStudioVersion = 15.0.28307.106
MinimumVisualStudioVersion = 10.0.40219.1
Project("{FAE04EC0-301F-11D3-BF4B-00C04F79EFBC}") = "Swiper.Android", "Swiper\Swiper.Android\Swiper.Android.csproj", "{3CE865D5-0F18-48B8-8234-46439D153660}"
EndProject
Project("{FAE04EC0-301F-11D3-BF4B-00C04F79EFBC}") = "Swiper.iOS", "Swiper\Swiper.iOS\Swiper.iOS.csproj", "{CEB23D01-72C3-4962-A581-AA15E28E5A6D}"
EndProject
Project("{FAE04EC0-301F-11D3-BF4B-00C04F79EFBC}") = "Swiper.UWP", "Swiper\Swiper.UWP\Swiper.UWP.csproj", "{E8B68F5D-36B0-496A-B675-3B198FCEAE23}"
EndProject
Project("{FAE04EC0-301F-11D3-BF4B-00C04F79EFBC}") = "Swiper", "Swiper\Swiper\Swiper.csproj", "{DAFE5282-22EE-400E-835C-7834E5BD8C21}"
EndProject
Global
	GlobalSection(SolutionConfigurationPlatforms) = preSolution
		Ad-Hoc|Any CPU = Ad-Hoc|Any CPU
		Ad-Hoc|ARM = Ad-Hoc|ARM
		Ad-Hoc|iPhone = Ad-Hoc|iPhone
		Ad-Hoc|iPhoneSimulator = Ad-Hoc|iPhoneSimulator
		Ad-Hoc|x64 = Ad-Hoc|x64
		Ad-Hoc|x86 = Ad-Hoc|x86
		AppStore|Any CPU = AppStore|Any CPU
		AppStore|ARM = AppStore|ARM
		AppStore|iPhone = AppStore|iPhone
		AppStore|iPhoneSimulator = AppStore|iPhoneSimulator
		AppStore|x64 = AppStore|x64
		AppStore|x86 = AppStore|x86
		Debug|Any CPU = Debug|Any CPU
		Debug|ARM = Debug|ARM
		Debug|iPhone = Debug|iPhone
		Debug|iPhoneSimulator = Debug|iPhoneSimulator
		Debug|x64 = Debug|x64
		Debug|x86 = Debug|x86
		Release|Any CPU = Release|Any CPU
		Release|ARM = Release|ARM
		Release|iPhone = Release|iPhone
		Release|iPhoneSimulator = Release|iPhoneSimulator
		Release|x64 = Release|x64
		Release|x86 = Release|x86
	EndGlobalSection
	GlobalSection(ProjectConfigurationPlatforms) = postSolution
		{3CE865D5-0F18-48B8-8234-46439D153660}.Ad-Hoc|Any CPU.ActiveCfg = Release|Any CPU
		{3CE865D5-0F18-48B8-8234-46439D153660}.Ad-Hoc|Any CPU.Build.0 = Release|Any CPU
		{3CE865D5-0F18-48B8-8234-46439D153660}.Ad-Hoc|Any CPU.Deploy.0 = Release|Any CPU
		{3CE865D5-0F18-48B8-8234-46439D153660}.Ad-Hoc|ARM.ActiveCfg = Release|Any CPU
		{3CE865D5-0F18-48B8-8234-46439D153660}.Ad-Hoc|ARM.Build.0 = Release|Any CPU
		{3CE865D5-0F18-48B8-8234-46439D153660}.Ad-Hoc|ARM.Deploy.0 = Release|Any CPU
		{3CE865D5-0F18-48B8-8234-46439D153660}.Ad-Hoc|iPhone.ActiveCfg = Release|Any CPU
		{3CE865D5-0F18-48B8-8234-46439D153660}.Ad-Hoc|iPhone.Build.0 = Release|Any CPU
		{3CE865D5-0F18-48B8-8234-46439D153660}.Ad-Hoc|iPhone.Deploy.0 = Release|Any CPU
		{3CE865D5-0F18-48B8-8234-46439D153660}.Ad-Hoc|iPhoneSimulator.ActiveCfg = Release|Any CPU
		{3CE865D5-0F18-48B8-8234-46439D153660}.Ad-Hoc|iPhoneSimulator.Build.0 = Release|Any CPU
		{3CE865D5-0F18-48B8-8234-46439D153660}.Ad-Hoc|iPhoneSimulator.Deploy.0 = Release|Any CPU
		{3CE865D5-0F18-48B8-8234-46439D153660}.Ad-Hoc|x64.ActiveCfg = Release|Any CPU
		{3CE865D5-0F18-48B8-8234-46439D153660}.Ad-Hoc|x64.Build.0 = Release|Any CPU
		{3CE865D5-0F18-48B8-8234-46439D153660}.Ad-Hoc|x64.Deploy.0 = Release|Any CPU
		{3CE865D5-0F18-48B8-8234-46439D153660}.Ad-Hoc|x86.ActiveCfg = Release|Any CPU
		{3CE865D5-0F18-48B8-8234-46439D153660}.Ad-Hoc|x86.Build.0 = Release|Any CPU
		{3CE865D5-0F18-48B8-8234-46439D153660}.Ad-Hoc|x86.Deploy.0 = Release|Any CPU
		{3CE865D5-0F18-48B8-8234-46439D153660}.AppStore|Any CPU.ActiveCfg = Release|Any CPU
		{3CE865D5-0F18-48B8-8234-46439D153660}.AppStore|Any CPU.Build.0 = Release|Any CPU
		{3CE865D5-0F18-48B8-8234-46439D153660}.AppStore|Any CPU.Deploy.0 = Release|Any CPU
		{3CE865D5-0F18-48B8-8234-46439D153660}.AppStore|ARM.ActiveCfg = Release|Any CPU
		{3CE865D5-0F18-48B8-8234-46439D153660}.AppStore|ARM.Build.0 = Release|Any CPU
		{3CE865D5-0F18-48B8-8234-46439D153660}.AppStore|ARM.Deploy.0 = Release|Any CPU
		{3CE865D5-0F18-48B8-8234-46439D153660}.AppStore|iPhone.ActiveCfg = Release|Any CPU
		{3CE865D5-0F18-48B8-8234-46439D153660}.AppStore|iPhone.Build.0 = Release|Any CPU
		{3CE865D5-0F18-48B8-8234-46439D153660}.AppStore|iPhone.Deploy.0 = Release|Any CPU
		{3CE865D5-0F18-48B8-8234-46439D153660}.AppStore|iPhoneSimulator.ActiveCfg = Release|Any CPU
		{3CE865D5-0F18-48B8-8234-46439D153660}.AppStore|iPhoneSimulator.Build.0 = Release|Any CPU
		{3CE865D5-0F18-48B8-8234-46439D153660}.AppStore|iPhoneSimulator.Deploy.0 = Release|Any CPU
		{3CE865D5-0F18-48B8-8234-46439D153660}.AppStore|x64.ActiveCfg = Release|Any CPU
		{3CE865D5-0F18-48B8-8234-46439D153660}.AppStore|x64.Build.0 = Release|Any CPU
		{3CE865D5-0F18-48B8-8234-46439D153660}.AppStore|x64.Deploy.0 = Release|Any CPU
		{3CE865D5-0F18-48B8-8234-46439D153660}.AppStore|x86.ActiveCfg = Release|Any CPU
		{3CE865D5-0F18-48B8-8234-46439D153660}.AppStore|x86.Build.0 = Release|Any CPU
		{3CE865D5-0F18-48B8-8234-46439D153660}.AppStore|x86.Deploy.0 = Release|Any CPU
		{3CE865D5-0F18-48B8-8234-46439D153660}.Debug|Any CPU.ActiveCfg = Debug|Any CPU
		{3CE865D5-0F18-48B8-8234-46439D153660}.Debug|Any CPU.Build.0 = Debug|Any CPU
		{3CE865D5-0F18-48B8-8234-46439D153660}.Debug|Any CPU.Deploy.0 = Debug|Any CPU
		{3CE865D5-0F18-48B8-8234-46439D153660}.Debug|ARM.ActiveCfg = Debug|Any CPU
		{3CE865D5-0F18-48B8-8234-46439D153660}.Debug|ARM.Build.0 = Debug|Any CPU
		{3CE865D5-0F18-48B8-8234-46439D153660}.Debug|ARM.Deploy.0 = Debug|Any CPU
		{3CE865D5-0F18-48B8-8234-46439D153660}.Debug|iPhone.ActiveCfg = Debug|Any CPU
		{3CE865D5-0F18-48B8-8234-46439D153660}.Debug|iPhone.Build.0 = Debug|Any CPU
		{3CE865D5-0F18-48B8-8234-46439D153660}.Debug|iPhone.Deploy.0 = Debug|Any CPU
		{3CE865D5-0F18-48B8-8234-46439D153660}.Debug|iPhoneSimulator.ActiveCfg = Debug|Any CPU
		{3CE865D5-0F18-48B8-8234-46439D153660}.Debug|iPhoneSimulator.Build.0 = Debug|Any CPU
		{3CE865D5-0F18-48B8-8234-46439D153660}.Debug|iPhoneSimulator.Deploy.0 = Debug|Any CPU
		{3CE865D5-0F18-48B8-8234-46439D153660}.Debug|x64.ActiveCfg = Debug|Any CPU
		{3CE865D5-0F18-48B8-8234-46439D153660}.Debug|x64.Build.0 = Debug|Any CPU
		{3CE865D5-0F18-48B8-8234-46439D153660}.Debug|x64.Deploy.0 = Debug|Any CPU
		{3CE865D5-0F18-48B8-8234-46439D153660}.Debug|x86.ActiveCfg = Debug|Any CPU
		{3CE865D5-0F18-48B8-8234-46439D153660}.Debug|x86.Build.0 = Debug|Any CPU
		{3CE865D5-0F18-48B8-8234-46439D153660}.Debug|x86.Deploy.0 = Debug|Any CPU
		{3CE865D5-0F18-48B8-8234-46439D153660}.Release|Any CPU.ActiveCfg = Release|Any CPU
		{3CE865D5-0F18-48B8-8234-46439D153660}.Release|Any CPU.Build.0 = Release|Any CPU
		{3CE865D5-0F18-48B8-8234-46439D153660}.Release|Any CPU.Deploy.0 = Release|Any CPU
		{3CE865D5-0F18-48B8-8234-46439D153660}.Release|ARM.ActiveCfg = Release|Any CPU
		{3CE865D5-0F18-48B8-8234-46439D153660}.Release|ARM.Build.0 = Release|Any CPU
		{3CE865D5-0F18-48B8-8234-46439D153660}.Release|ARM.Deploy.0 = Release|Any CPU
		{3CE865D5-0F18-48B8-8234-46439D153660}.Release|iPhone.ActiveCfg = Release|Any CPU
		{3CE865D5-0F18-48B8-8234-46439D153660}.Release|iPhone.Build.0 = Release|Any CPU
		{3CE865D5-0F18-48B8-8234-46439D153660}.Release|iPhone.Deploy.0 = Release|Any CPU
		{3CE865D5-0F18-48B8-8234-46439D153660}.Release|iPhoneSimulator.ActiveCfg = Release|Any CPU
		{3CE865D5-0F18-48B8-8234-46439D153660}.Release|iPhoneSimulator.Build.0 = Release|Any CPU
		{3CE865D5-0F18-48B8-8234-46439D153660}.Release|iPhoneSimulator.Deploy.0 = Release|Any CPU
		{3CE865D5-0F18-48B8-8234-46439D153660}.Release|x64.ActiveCfg = Release|Any CPU
		{3CE865D5-0F18-48B8-8234-46439D153660}.Release|x64.Build.0 = Release|Any CPU
		{3CE865D5-0F18-48B8-8234-46439D153660}.Release|x64.Deploy.0 = Release|Any CPU
		{3CE865D5-0F18-48B8-8234-46439D153660}.Release|x86.ActiveCfg = Release|Any CPU
		{3CE865D5-0F18-48B8-8234-46439D153660}.Release|x86.Build.0 = Release|Any CPU
		{3CE865D5-0F18-48B8-8234-46439D153660}.Release|x86.Deploy.0 = Release|Any CPU
		{CEB23D01-72C3-4962-A581-AA15E28E5A6D}.Ad-Hoc|Any CPU.ActiveCfg = Ad-Hoc|iPhone
		{CEB23D01-72C3-4962-A581-AA15E28E5A6D}.Ad-Hoc|Any CPU.Build.0 = Ad-Hoc|iPhone
		{CEB23D01-72C3-4962-A581-AA15E28E5A6D}.Ad-Hoc|Any CPU.Deploy.0 = Ad-Hoc|iPhone
		{CEB23D01-72C3-4962-A581-AA15E28E5A6D}.Ad-Hoc|ARM.ActiveCfg = Ad-Hoc|iPhone
		{CEB23D01-72C3-4962-A581-AA15E28E5A6D}.Ad-Hoc|ARM.Build.0 = Ad-Hoc|iPhone
		{CEB23D01-72C3-4962-A581-AA15E28E5A6D}.Ad-Hoc|ARM.Deploy.0 = Ad-Hoc|iPhone
		{CEB23D01-72C3-4962-A581-AA15E28E5A6D}.Ad-Hoc|iPhone.ActiveCfg = Ad-Hoc|iPhone
		{CEB23D01-72C3-4962-A581-AA15E28E5A6D}.Ad-Hoc|iPhone.Build.0 = Ad-Hoc|iPhone
		{CEB23D01-72C3-4962-A581-AA15E28E5A6D}.Ad-Hoc|iPhone.Deploy.0 = Ad-Hoc|iPhone
		{CEB23D01-72C3-4962-A581-AA15E28E5A6D}.Ad-Hoc|iPhoneSimulator.ActiveCfg = Ad-Hoc|iPhoneSimulator
		{CEB23D01-72C3-4962-A581-AA15E28E5A6D}.Ad-Hoc|iPhoneSimulator.Build.0 = Ad-Hoc|iPhoneSimulator
		{CEB23D01-72C3-4962-A581-AA15E28E5A6D}.Ad-Hoc|iPhoneSimulator.Deploy.0 = Ad-Hoc|iPhoneSimulator
		{CEB23D01-72C3-4962-A581-AA15E28E5A6D}.Ad-Hoc|x64.ActiveCfg = Ad-Hoc|iPhone
		{CEB23D01-72C3-4962-A581-AA15E28E5A6D}.Ad-Hoc|x64.Build.0 = Ad-Hoc|iPhone
		{CEB23D01-72C3-4962-A581-AA15E28E5A6D}.Ad-Hoc|x64.Deploy.0 = Ad-Hoc|iPhone
		{CEB23D01-72C3-4962-A581-AA15E28E5A6D}.Ad-Hoc|x86.ActiveCfg = Ad-Hoc|iPhone
		{CEB23D01-72C3-4962-A581-AA15E28E5A6D}.Ad-Hoc|x86.Build.0 = Ad-Hoc|iPhone
		{CEB23D01-72C3-4962-A581-AA15E28E5A6D}.Ad-Hoc|x86.Deploy.0 = Ad-Hoc|iPhone
		{CEB23D01-72C3-4962-A581-AA15E28E5A6D}.AppStore|Any CPU.ActiveCfg = AppStore|iPhone
		{CEB23D01-72C3-4962-A581-AA15E28E5A6D}.AppStore|Any CPU.Build.0 = AppStore|iPhone
		{CEB23D01-72C3-4962-A581-AA15E28E5A6D}.AppStore|Any CPU.Deploy.0 = AppStore|iPhone
		{CEB23D01-72C3-4962-A581-AA15E28E5A6D}.AppStore|ARM.ActiveCfg = AppStore|iPhone
		{CEB23D01-72C3-4962-A581-AA15E28E5A6D}.AppStore|ARM.Build.0 = AppStore|iPhone
		{CEB23D01-72C3-4962-A581-AA15E28E5A6D}.AppStore|ARM.Deploy.0 = AppStore|iPhone
		{CEB23D01-72C3-4962-A581-AA15E28E5A6D}.AppStore|iPhone.ActiveCfg = AppStore|iPhone
		{CEB23D01-72C3-4962-A581-AA15E28E5A6D}.AppStore|iPhone.Build.0 = AppStore|iPhone
		{CEB23D01-72C3-4962-A581-AA15E28E5A6D}.AppStore|iPhone.Deploy.0 = AppStore|iPhone
		{CEB23D01-72C3-4962-A581-AA15E28E5A6D}.AppStore|iPhoneSimulator.ActiveCfg = AppStore|iPhoneSimulator
		{CEB23D01-72C3-4962-A581-AA15E28E5A6D}.AppStore|iPhoneSimulator.Build.0 = AppStore|iPhoneSimulator
		{CEB23D01-72C3-4962-A581-AA15E28E5A6D}.AppStore|iPhoneSimulator.Deploy.0 = AppStore|iPhoneSimulator
		{CEB23D01-72C3-4962-A581-AA15E28E5A6D}.AppStore|x64.ActiveCfg = AppStore|iPhone
		{CEB23D01-72C3-4962-A581-AA15E28E5A6D}.AppStore|x64.Build.0 = AppStore|iPhone
		{CEB23D01-72C3-4962-A581-AA15E28E5A6D}.AppStore|x64.Deploy.0 = AppStore|iPhone
		{CEB23D01-72C3-4962-A581-AA15E28E5A6D}.AppStore|x86.ActiveCfg = AppStore|iPhone
		{CEB23D01-72C3-4962-A581-AA15E28E5A6D}.AppStore|x86.Build.0 = AppStore|iPhone
		{CEB23D01-72C3-4962-A581-AA15E28E5A6D}.AppStore|x86.Deploy.0 = AppStore|iPhone
		{CEB23D01-72C3-4962-A581-AA15E28E5A6D}.Debug|Any CPU.ActiveCfg = Debug|iPhoneSimulator
		{CEB23D01-72C3-4962-A581-AA15E28E5A6D}.Debug|Any CPU.Build.0 = Debug|iPhoneSimulator
		{CEB23D01-72C3-4962-A581-AA15E28E5A6D}.Debug|Any CPU.Deploy.0 = Debug|iPhoneSimulator
		{CEB23D01-72C3-4962-A581-AA15E28E5A6D}.Debug|ARM.ActiveCfg = Debug|iPhone
		{CEB23D01-72C3-4962-A581-AA15E28E5A6D}.Debug|ARM.Build.0 = Debug|iPhone
		{CEB23D01-72C3-4962-A581-AA15E28E5A6D}.Debug|ARM.Deploy.0 = Debug|iPhone
		{CEB23D01-72C3-4962-A581-AA15E28E5A6D}.Debug|iPhone.ActiveCfg = Debug|iPhone
		{CEB23D01-72C3-4962-A581-AA15E28E5A6D}.Debug|iPhone.Build.0 = Debug|iPhone
		{CEB23D01-72C3-4962-A581-AA15E28E5A6D}.Debug|iPhone.Deploy.0 = Debug|iPhone
		{CEB23D01-72C3-4962-A581-AA15E28E5A6D}.Debug|iPhoneSimulator.ActiveCfg = Debug|iPhoneSimulator
		{CEB23D01-72C3-4962-A581-AA15E28E5A6D}.Debug|iPhoneSimulator.Build.0 = Debug|iPhoneSimulator
		{CEB23D01-72C3-4962-A581-AA15E28E5A6D}.Debug|iPhoneSimulator.Deploy.0 = Debug|iPhoneSimulator
		{CEB23D01-72C3-4962-A581-AA15E28E5A6D}.Debug|x64.ActiveCfg = Debug|iPhone
		{CEB23D01-72C3-4962-A581-AA15E28E5A6D}.Debug|x64.Build.0 = Debug|iPhone
		{CEB23D01-72C3-4962-A581-AA15E28E5A6D}.Debug|x64.Deploy.0 = Debug|iPhone
		{CEB23D01-72C3-4962-A581-AA15E28E5A6D}.Debug|x86.ActiveCfg = Debug|iPhone
		{CEB23D01-72C3-4962-A581-AA15E28E5A6D}.Debug|x86.Build.0 = Debug|iPhone
		{CEB23D01-72C3-4962-A581-AA15E28E5A6D}.Debug|x86.Deploy.0 = Debug|iPhone
		{CEB23D01-72C3-4962-A581-AA15E28E5A6D}.Release|Any CPU.ActiveCfg = Release|iPhone
		{CEB23D01-72C3-4962-A581-AA15E28E5A6D}.Release|Any CPU.Build.0 = Release|iPhone
		{CEB23D01-72C3-4962-A581-AA15E28E5A6D}.Release|Any CPU.Deploy.0 = Release|iPhone
		{CEB23D01-72C3-4962-A581-AA15E28E5A6D}.Release|ARM.ActiveCfg = Release|iPhone
		{CEB23D01-72C3-4962-A581-AA15E28E5A6D}.Release|ARM.Build.0 = Release|iPhone
		{CEB23D01-72C3-4962-A581-AA15E28E5A6D}.Release|ARM.Deploy.0 = Release|iPhone
		{CEB23D01-72C3-4962-A581-AA15E28E5A6D}.Release|iPhone.ActiveCfg = Release|iPhone
		{CEB23D01-72C3-4962-A581-AA15E28E5A6D}.Release|iPhone.Build.0 = Release|iPhone
		{CEB23D01-72C3-4962-A581-AA15E28E5A6D}.Release|iPhone.Deploy.0 = Release|iPhone
		{CEB23D01-72C3-4962-A581-AA15E28E5A6D}.Release|iPhoneSimulator.ActiveCfg = Release|iPhoneSimulator
		{CEB23D01-72C3-4962-A581-AA15E28E5A6D}.Release|iPhoneSimulator.Build.0 = Release|iPhoneSimulator
		{CEB23D01-72C3-4962-A581-AA15E28E5A6D}.Release|iPhoneSimulator.Deploy.0 = Release|iPhoneSimulator
		{CEB23D01-72C3-4962-A581-AA15E28E5A6D}.Release|x64.ActiveCfg = Release|iPhone
		{CEB23D01-72C3-4962-A581-AA15E28E5A6D}.Release|x64.Build.0 = Release|iPhone
		{CEB23D01-72C3-4962-A581-AA15E28E5A6D}.Release|x64.Deploy.0 = Release|iPhone
		{CEB23D01-72C3-4962-A581-AA15E28E5A6D}.Release|x86.ActiveCfg = Release|iPhone
		{CEB23D01-72C3-4962-A581-AA15E28E5A6D}.Release|x86.Build.0 = Release|iPhone
		{CEB23D01-72C3-4962-A581-AA15E28E5A6D}.Release|x86.Deploy.0 = Release|iPhone
		{E8B68F5D-36B0-496A-B675-3B198FCEAE23}.Ad-Hoc|Any CPU.ActiveCfg = Release|x86
		{E8B68F5D-36B0-496A-B675-3B198FCEAE23}.Ad-Hoc|Any CPU.Build.0 = Release|x86
		{E8B68F5D-36B0-496A-B675-3B198FCEAE23}.Ad-Hoc|Any CPU.Deploy.0 = Release|x86
		{E8B68F5D-36B0-496A-B675-3B198FCEAE23}.Ad-Hoc|ARM.ActiveCfg = Release|ARM
		{E8B68F5D-36B0-496A-B675-3B198FCEAE23}.Ad-Hoc|ARM.Build.0 = Release|ARM
		{E8B68F5D-36B0-496A-B675-3B198FCEAE23}.Ad-Hoc|ARM.Deploy.0 = Release|ARM
		{E8B68F5D-36B0-496A-B675-3B198FCEAE23}.Ad-Hoc|iPhone.ActiveCfg = Release|x86
		{E8B68F5D-36B0-496A-B675-3B198FCEAE23}.Ad-Hoc|iPhone.Build.0 = Release|x86
		{E8B68F5D-36B0-496A-B675-3B198FCEAE23}.Ad-Hoc|iPhone.Deploy.0 = Release|x86
		{E8B68F5D-36B0-496A-B675-3B198FCEAE23}.Ad-Hoc|iPhoneSimulator.ActiveCfg = Release|x86
		{E8B68F5D-36B0-496A-B675-3B198FCEAE23}.Ad-Hoc|iPhoneSimulator.Build.0 = Release|x86
		{E8B68F5D-36B0-496A-B675-3B198FCEAE23}.Ad-Hoc|iPhoneSimulator.Deploy.0 = Release|x86
		{E8B68F5D-36B0-496A-B675-3B198FCEAE23}.Ad-Hoc|x64.ActiveCfg = Release|x64
		{E8B68F5D-36B0-496A-B675-3B198FCEAE23}.Ad-Hoc|x64.Build.0 = Release|x64
		{E8B68F5D-36B0-496A-B675-3B198FCEAE23}.Ad-Hoc|x64.Deploy.0 = Release|x64
		{E8B68F5D-36B0-496A-B675-3B198FCEAE23}.Ad-Hoc|x86.ActiveCfg = Release|x86
		{E8B68F5D-36B0-496A-B675-3B198FCEAE23}.Ad-Hoc|x86.Build.0 = Release|x86
		{E8B68F5D-36B0-496A-B675-3B198FCEAE23}.Ad-Hoc|x86.Deploy.0 = Release|x86
		{E8B68F5D-36B0-496A-B675-3B198FCEAE23}.AppStore|Any CPU.ActiveCfg = Release|x86
		{E8B68F5D-36B0-496A-B675-3B198FCEAE23}.AppStore|Any CPU.Build.0 = Release|x86
		{E8B68F5D-36B0-496A-B675-3B198FCEAE23}.AppStore|Any CPU.Deploy.0 = Release|x86
		{E8B68F5D-36B0-496A-B675-3B198FCEAE23}.AppStore|ARM.ActiveCfg = Release|ARM
		{E8B68F5D-36B0-496A-B675-3B198FCEAE23}.AppStore|ARM.Build.0 = Release|ARM
		{E8B68F5D-36B0-496A-B675-3B198FCEAE23}.AppStore|ARM.Deploy.0 = Release|ARM
		{E8B68F5D-36B0-496A-B675-3B198FCEAE23}.AppStore|iPhone.ActiveCfg = Release|x86
		{E8B68F5D-36B0-496A-B675-3B198FCEAE23}.AppStore|iPhone.Build.0 = Release|x86
		{E8B68F5D-36B0-496A-B675-3B198FCEAE23}.AppStore|iPhone.Deploy.0 = Release|x86
		{E8B68F5D-36B0-496A-B675-3B198FCEAE23}.AppStore|iPhoneSimulator.ActiveCfg = Release|x86
		{E8B68F5D-36B0-496A-B675-3B198FCEAE23}.AppStore|iPhoneSimulator.Build.0 = Release|x86
		{E8B68F5D-36B0-496A-B675-3B198FCEAE23}.AppStore|iPhoneSimulator.Deploy.0 = Release|x86
		{E8B68F5D-36B0-496A-B675-3B198FCEAE23}.AppStore|x64.ActiveCfg = Release|x64
		{E8B68F5D-36B0-496A-B675-3B198FCEAE23}.AppStore|x64.Build.0 = Release|x64
		{E8B68F5D-36B0-496A-B675-3B198FCEAE23}.AppStore|x64.Deploy.0 = Release|x64
		{E8B68F5D-36B0-496A-B675-3B198FCEAE23}.AppStore|x86.ActiveCfg = Release|x86
		{E8B68F5D-36B0-496A-B675-3B198FCEAE23}.AppStore|x86.Build.0 = Release|x86
		{E8B68F5D-36B0-496A-B675-3B198FCEAE23}.AppStore|x86.Deploy.0 = Release|x86
		{E8B68F5D-36B0-496A-B675-3B198FCEAE23}.Debug|Any CPU.ActiveCfg = Debug|x86
		{E8B68F5D-36B0-496A-B675-3B198FCEAE23}.Debug|Any CPU.Build.0 = Debug|x86
		{E8B68F5D-36B0-496A-B675-3B198FCEAE23}.Debug|Any CPU.Deploy.0 = Debug|x86
		{E8B68F5D-36B0-496A-B675-3B198FCEAE23}.Debug|ARM.ActiveCfg = Debug|ARM
		{E8B68F5D-36B0-496A-B675-3B198FCEAE23}.Debug|ARM.Build.0 = Debug|ARM
		{E8B68F5D-36B0-496A-B675-3B198FCEAE23}.Debug|ARM.Deploy.0 = Debug|ARM
		{E8B68F5D-36B0-496A-B675-3B198FCEAE23}.Debug|iPhone.ActiveCfg = Debug|x86
		{E8B68F5D-36B0-496A-B675-3B198FCEAE23}.Debug|iPhone.Build.0 = Debug|x86
		{E8B68F5D-36B0-496A-B675-3B198FCEAE23}.Debug|iPhone.Deploy.0 = Debug|x86
		{E8B68F5D-36B0-496A-B675-3B198FCEAE23}.Debug|iPhoneSimulator.ActiveCfg = Debug|x86
		{E8B68F5D-36B0-496A-B675-3B198FCEAE23}.Debug|iPhoneSimulator.Build.0 = Debug|x86
		{E8B68F5D-36B0-496A-B675-3B198FCEAE23}.Debug|iPhoneSimulator.Deploy.0 = Debug|x86
		{E8B68F5D-36B0-496A-B675-3B198FCEAE23}.Debug|x64.ActiveCfg = Debug|x64
		{E8B68F5D-36B0-496A-B675-3B198FCEAE23}.Debug|x64.Build.0 = Debug|x64
		{E8B68F5D-36B0-496A-B675-3B198FCEAE23}.Debug|x64.Deploy.0 = Debug|x64
		{E8B68F5D-36B0-496A-B675-3B198FCEAE23}.Debug|x86.ActiveCfg = Debug|x86
		{E8B68F5D-36B0-496A-B675-3B198FCEAE23}.Debug|x86.Build.0 = Debug|x86
		{E8B68F5D-36B0-496A-B675-3B198FCEAE23}.Debug|x86.Deploy.0 = Debug|x86
		{E8B68F5D-36B0-496A-B675-3B198FCEAE23}.Release|Any CPU.ActiveCfg = Release|x86
		{E8B68F5D-36B0-496A-B675-3B198FCEAE23}.Release|Any CPU.Build.0 = Release|x86
		{E8B68F5D-36B0-496A-B675-3B198FCEAE23}.Release|Any CPU.Deploy.0 = Release|x86
		{E8B68F5D-36B0-496A-B675-3B198FCEAE23}.Release|ARM.ActiveCfg = Release|ARM
		{E8B68F5D-36B0-496A-B675-3B198FCEAE23}.Release|ARM.Build.0 = Release|ARM
		{E8B68F5D-36B0-496A-B675-3B198FCEAE23}.Release|ARM.Deploy.0 = Release|ARM
		{E8B68F5D-36B0-496A-B675-3B198FCEAE23}.Release|iPhone.ActiveCfg = Release|x86
		{E8B68F5D-36B0-496A-B675-3B198FCEAE23}.Release|iPhone.Build.0 = Release|x86
		{E8B68F5D-36B0-496A-B675-3B198FCEAE23}.Release|iPhone.Deploy.0 = Release|x86
		{E8B68F5D-36B0-496A-B675-3B198FCEAE23}.Release|iPhoneSimulator.ActiveCfg = Release|x86
		{E8B68F5D-36B0-496A-B675-3B198FCEAE23}.Release|iPhoneSimulator.Build.0 = Release|x86
		{E8B68F5D-36B0-496A-B675-3B198FCEAE23}.Release|iPhoneSimulator.Deploy.0 = Release|x86
		{E8B68F5D-36B0-496A-B675-3B198FCEAE23}.Release|x64.ActiveCfg = Release|x64
		{E8B68F5D-36B0-496A-B675-3B198FCEAE23}.Release|x64.Build.0 = Release|x64
		{E8B68F5D-36B0-496A-B675-3B198FCEAE23}.Release|x64.Deploy.0 = Release|x64
		{E8B68F5D-36B0-496A-B675-3B198FCEAE23}.Release|x86.ActiveCfg = Release|x86
		{E8B68F5D-36B0-496A-B675-3B198FCEAE23}.Release|x86.Build.0 = Release|x86
		{E8B68F5D-36B0-496A-B675-3B198FCEAE23}.Release|x86.Deploy.0 = Release|x86
		{DAFE5282-22EE-400E-835C-7834E5BD8C21}.Ad-Hoc|Any CPU.ActiveCfg = Debug|Any CPU
		{DAFE5282-22EE-400E-835C-7834E5BD8C21}.Ad-Hoc|Any CPU.Build.0 = Debug|Any CPU
		{DAFE5282-22EE-400E-835C-7834E5BD8C21}.Ad-Hoc|Any CPU.Deploy.0 = Debug|Any CPU
		{DAFE5282-22EE-400E-835C-7834E5BD8C21}.Ad-Hoc|ARM.ActiveCfg = Debug|Any CPU
		{DAFE5282-22EE-400E-835C-7834E5BD8C21}.Ad-Hoc|ARM.Build.0 = Debug|Any CPU
		{DAFE5282-22EE-400E-835C-7834E5BD8C21}.Ad-Hoc|ARM.Deploy.0 = Debug|Any CPU
		{DAFE5282-22EE-400E-835C-7834E5BD8C21}.Ad-Hoc|iPhone.ActiveCfg = Debug|Any CPU
		{DAFE5282-22EE-400E-835C-7834E5BD8C21}.Ad-Hoc|iPhone.Build.0 = Debug|Any CPU
		{DAFE5282-22EE-400E-835C-7834E5BD8C21}.Ad-Hoc|iPhone.Deploy.0 = Debug|Any CPU
		{DAFE5282-22EE-400E-835C-7834E5BD8C21}.Ad-Hoc|iPhoneSimulator.ActiveCfg = Debug|Any CPU
		{DAFE5282-22EE-400E-835C-7834E5BD8C21}.Ad-Hoc|iPhoneSimulator.Build.0 = Debug|Any CPU
		{DAFE5282-22EE-400E-835C-7834E5BD8C21}.Ad-Hoc|iPhoneSimulator.Deploy.0 = Debug|Any CPU
		{DAFE5282-22EE-400E-835C-7834E5BD8C21}.Ad-Hoc|x64.ActiveCfg = Debug|Any CPU
		{DAFE5282-22EE-400E-835C-7834E5BD8C21}.Ad-Hoc|x64.Build.0 = Debug|Any CPU
		{DAFE5282-22EE-400E-835C-7834E5BD8C21}.Ad-Hoc|x64.Deploy.0 = Debug|Any CPU
		{DAFE5282-22EE-400E-835C-7834E5BD8C21}.Ad-Hoc|x86.ActiveCfg = Debug|Any CPU
		{DAFE5282-22EE-400E-835C-7834E5BD8C21}.Ad-Hoc|x86.Build.0 = Debug|Any CPU
		{DAFE5282-22EE-400E-835C-7834E5BD8C21}.Ad-Hoc|x86.Deploy.0 = Debug|Any CPU
		{DAFE5282-22EE-400E-835C-7834E5BD8C21}.AppStore|Any CPU.ActiveCfg = Debug|Any CPU
		{DAFE5282-22EE-400E-835C-7834E5BD8C21}.AppStore|Any CPU.Build.0 = Debug|Any CPU
		{DAFE5282-22EE-400E-835C-7834E5BD8C21}.AppStore|Any CPU.Deploy.0 = Debug|Any CPU
		{DAFE5282-22EE-400E-835C-7834E5BD8C21}.AppStore|ARM.ActiveCfg = Debug|Any CPU
		{DAFE5282-22EE-400E-835C-7834E5BD8C21}.AppStore|ARM.Build.0 = Debug|Any CPU
		{DAFE5282-22EE-400E-835C-7834E5BD8C21}.AppStore|ARM.Deploy.0 = Debug|Any CPU
		{DAFE5282-22EE-400E-835C-7834E5BD8C21}.AppStore|iPhone.ActiveCfg = Debug|Any CPU
		{DAFE5282-22EE-400E-835C-7834E5BD8C21}.AppStore|iPhone.Build.0 = Debug|Any CPU
		{DAFE5282-22EE-400E-835C-7834E5BD8C21}.AppStore|iPhone.Deploy.0 = Debug|Any CPU
		{DAFE5282-22EE-400E-835C-7834E5BD8C21}.AppStore|iPhoneSimulator.ActiveCfg = Debug|Any CPU
		{DAFE5282-22EE-400E-835C-7834E5BD8C21}.AppStore|iPhoneSimulator.Build.0 = Debug|Any CPU
		{DAFE5282-22EE-400E-835C-7834E5BD8C21}.AppStore|iPhoneSimulator.Deploy.0 = Debug|Any CPU
		{DAFE5282-22EE-400E-835C-7834E5BD8C21}.AppStore|x64.ActiveCfg = Debug|Any CPU
		{DAFE5282-22EE-400E-835C-7834E5BD8C21}.AppStore|x64.Build.0 = Debug|Any CPU
		{DAFE5282-22EE-400E-835C-7834E5BD8C21}.AppStore|x64.Deploy.0 = Debug|Any CPU
		{DAFE5282-22EE-400E-835C-7834E5BD8C21}.AppStore|x86.ActiveCfg = Debug|Any CPU
		{DAFE5282-22EE-400E-835C-7834E5BD8C21}.AppStore|x86.Build.0 = Debug|Any CPU
		{DAFE5282-22EE-400E-835C-7834E5BD8C21}.AppStore|x86.Deploy.0 = Debug|Any CPU
		{DAFE5282-22EE-400E-835C-7834E5BD8C21}.Debug|Any CPU.ActiveCfg = Debug|Any CPU
		{DAFE5282-22EE-400E-835C-7834E5BD8C21}.Debug|Any CPU.Build.0 = Debug|Any CPU
		{DAFE5282-22EE-400E-835C-7834E5BD8C21}.Debug|Any CPU.Deploy.0 = Debug|Any CPU
		{DAFE5282-22EE-400E-835C-7834E5BD8C21}.Debug|ARM.ActiveCfg = Debug|Any CPU
		{DAFE5282-22EE-400E-835C-7834E5BD8C21}.Debug|ARM.Build.0 = Debug|Any CPU
		{DAFE5282-22EE-400E-835C-7834E5BD8C21}.Debug|ARM.Deploy.0 = Debug|Any CPU
		{DAFE5282-22EE-400E-835C-7834E5BD8C21}.Debug|iPhone.ActiveCfg = Debug|Any CPU
		{DAFE5282-22EE-400E-835C-7834E5BD8C21}.Debug|iPhone.Build.0 = Debug|Any CPU
		{DAFE5282-22EE-400E-835C-7834E5BD8C21}.Debug|iPhone.Deploy.0 = Debug|Any CPU
		{DAFE5282-22EE-400E-835C-7834E5BD8C21}.Debug|iPhoneSimulator.ActiveCfg = Debug|Any CPU
		{DAFE5282-22EE-400E-835C-7834E5BD8C21}.Debug|iPhoneSimulator.Build.0 = Debug|Any CPU
		{DAFE5282-22EE-400E-835C-7834E5BD8C21}.Debug|iPhoneSimulator.Deploy.0 = Debug|Any CPU
		{DAFE5282-22EE-400E-835C-7834E5BD8C21}.Debug|x64.ActiveCfg = Debug|Any CPU
		{DAFE5282-22EE-400E-835C-7834E5BD8C21}.Debug|x64.Build.0 = Debug|Any CPU
		{DAFE5282-22EE-400E-835C-7834E5BD8C21}.Debug|x64.Deploy.0 = Debug|Any CPU
		{DAFE5282-22EE-400E-835C-7834E5BD8C21}.Debug|x86.ActiveCfg = Debug|Any CPU
		{DAFE5282-22EE-400E-835C-7834E5BD8C21}.Debug|x86.Build.0 = Debug|Any CPU
		{DAFE5282-22EE-400E-835C-7834E5BD8C21}.Debug|x86.Deploy.0 = Debug|Any CPU
		{DAFE5282-22EE-400E-835C-7834E5BD8C21}.Release|Any CPU.ActiveCfg = Release|Any CPU
		{DAFE5282-22EE-400E-835C-7834E5BD8C21}.Release|Any CPU.Build.0 = Release|Any CPU
		{DAFE5282-22EE-400E-835C-7834E5BD8C21}.Release|Any CPU.Deploy.0 = Release|Any CPU
		{DAFE5282-22EE-400E-835C-7834E5BD8C21}.Release|ARM.ActiveCfg = Release|Any CPU
		{DAFE5282-22EE-400E-835C-7834E5BD8C21}.Release|ARM.Build.0 = Release|Any CPU
		{DAFE5282-22EE-400E-835C-7834E5BD8C21}.Release|ARM.Deploy.0 = Release|Any CPU
		{DAFE5282-22EE-400E-835C-7834E5BD8C21}.Release|iPhone.ActiveCfg = Release|Any CPU
		{DAFE5282-22EE-400E-835C-7834E5BD8C21}.Release|iPhone.Build.0 = Release|Any CPU
		{DAFE5282-22EE-400E-835C-7834E5BD8C21}.Release|iPhone.Deploy.0 = Release|Any CPU
		{DAFE5282-22EE-400E-835C-7834E5BD8C21}.Release|iPhoneSimulator.ActiveCfg = Release|Any CPU
		{DAFE5282-22EE-400E-835C-7834E5BD8C21}.Release|iPhoneSimulator.Build.0 = Release|Any CPU
		{DAFE5282-22EE-400E-835C-7834E5BD8C21}.Release|iPhoneSimulator.Deploy.0 = Release|Any CPU
		{DAFE5282-22EE-400E-835C-7834E5BD8C21}.Release|x64.ActiveCfg = Release|Any CPU
		{DAFE5282-22EE-400E-835C-7834E5BD8C21}.Release|x64.Build.0 = Release|Any CPU
		{DAFE5282-22EE-400E-835C-7834E5BD8C21}.Release|x64.Deploy.0 = Release|Any CPU
		{DAFE5282-22EE-400E-835C-7834E5BD8C21}.Release|x86.ActiveCfg = Release|Any CPU
		{DAFE5282-22EE-400E-835C-7834E5BD8C21}.Release|x86.Build.0 = Release|Any CPU
		{DAFE5282-22EE-400E-835C-7834E5BD8C21}.Release|x86.Deploy.0 = Release|Any CPU
	EndGlobalSection
	GlobalSection(SolutionProperties) = preSolution
		HideSolutionNode = FALSE
	EndGlobalSection
	GlobalSection(ExtensibilityGlobals) = postSolution
		SolutionGuid = {12387507-5C7C-49BE-ABA8-8EE57AF3FD66}
	EndGlobalSection
EndGlobal
