
Microsoft Visual Studio Solution File, Format Version 12.00
# Visual Studio 15
VisualStudioVersion = 15.0.28307.136
MinimumVisualStudioVersion = 10.0.40219.1
Project("{FAE04EC0-301F-11D3-BF4B-00C04F79EFBC}") = "HotdogOrNot.Android", "HotdogOrNot\HotdogOrNot.Android\HotdogOrNot.Android.csproj", "{6DEF8217-99F3-4E2C-8427-BD73E67483A0}"
EndProject
Project("{FAE04EC0-301F-11D3-BF4B-00C04F79EFBC}") = "HotdogOrNot.iOS", "HotdogOrNot\HotdogOrNot.iOS\HotdogOrNot.iOS.csproj", "{EF22227C-0305-4B3D-A7CD-169D3CDF0662}"
EndProject
Project("{FAE04EC0-301F-11D3-BF4B-00C04F79EFBC}") = "HotdogOrNot", "HotdogOrNot\HotdogOrNot\HotdogOrNot.csproj", "{F8E8DBB6-838B-41D6-96FE-E9AB6BEDEBDF}"
EndProject
Global
	GlobalSection(SolutionConfigurationPlatforms) = preSolution
		Ad-Hoc|Any CPU = Ad-Hoc|Any CPU
		Ad-Hoc|iPhone = Ad-Hoc|iPhone
		Ad-Hoc|iPhoneSimulator = Ad-Hoc|iPhoneSimulator
		AppStore|Any CPU = AppStore|Any CPU
		AppStore|iPhone = AppStore|iPhone
		AppStore|iPhoneSimulator = AppStore|iPhoneSimulator
		Debug|Any CPU = Debug|Any CPU
		Debug|iPhone = Debug|iPhone
		Debug|iPhoneSimulator = Debug|iPhoneSimulator
		Release|Any CPU = Release|Any CPU
		Release|iPhone = Release|iPhone
		Release|iPhoneSimulator = Release|iPhoneSimulator
	EndGlobalSection
	GlobalSection(ProjectConfigurationPlatforms) = postSolution
		{6DEF8217-99F3-4E2C-8427-BD73E67483A0}.Ad-Hoc|Any CPU.ActiveCfg = Release|Any CPU
		{6DEF8217-99F3-4E2C-8427-BD73E67483A0}.Ad-Hoc|Any CPU.Build.0 = Release|Any CPU
		{6DEF8217-99F3-4E2C-8427-BD73E67483A0}.Ad-Hoc|Any CPU.Deploy.0 = Release|Any CPU
		{6DEF8217-99F3-4E2C-8427-BD73E67483A0}.Ad-Hoc|iPhone.ActiveCfg = Release|Any CPU
		{6DEF8217-99F3-4E2C-8427-BD73E67483A0}.Ad-Hoc|iPhone.Build.0 = Release|Any CPU
		{6DEF8217-99F3-4E2C-8427-BD73E67483A0}.Ad-Hoc|iPhone.Deploy.0 = Release|Any CPU
		{6DEF8217-99F3-4E2C-8427-BD73E67483A0}.Ad-Hoc|iPhoneSimulator.ActiveCfg = Release|Any CPU
		{6DEF8217-99F3-4E2C-8427-BD73E67483A0}.Ad-Hoc|iPhoneSimulator.Build.0 = Release|Any CPU
		{6DEF8217-99F3-4E2C-8427-BD73E67483A0}.Ad-Hoc|iPhoneSimulator.Deploy.0 = Release|Any CPU
		{6DEF8217-99F3-4E2C-8427-BD73E67483A0}.AppStore|Any CPU.ActiveCfg = Release|Any CPU
		{6DEF8217-99F3-4E2C-8427-BD73E67483A0}.AppStore|Any CPU.Build.0 = Release|Any CPU
		{6DEF8217-99F3-4E2C-8427-BD73E67483A0}.AppStore|Any CPU.Deploy.0 = Release|Any CPU
		{6DEF8217-99F3-4E2C-8427-BD73E67483A0}.AppStore|iPhone.ActiveCfg = Release|Any CPU
		{6DEF8217-99F3-4E2C-8427-BD73E67483A0}.AppStore|iPhone.Build.0 = Release|Any CPU
		{6DEF8217-99F3-4E2C-8427-BD73E67483A0}.AppStore|iPhone.Deploy.0 = Release|Any CPU
		{6DEF8217-99F3-4E2C-8427-BD73E67483A0}.AppStore|iPhoneSimulator.ActiveCfg = Release|Any CPU
		{6DEF8217-99F3-4E2C-8427-BD73E67483A0}.AppStore|iPhoneSimulator.Build.0 = Release|Any CPU
		{6DEF8217-99F3-4E2C-8427-BD73E67483A0}.AppStore|iPhoneSimulator.Deploy.0 = Release|Any CPU
		{6DEF8217-99F3-4E2C-8427-BD73E67483A0}.Debug|Any CPU.ActiveCfg = Debug|Any CPU
		{6DEF8217-99F3-4E2C-8427-BD73E67483A0}.Debug|Any CPU.Build.0 = Debug|Any CPU
		{6DEF8217-99F3-4E2C-8427-BD73E67483A0}.Debug|Any CPU.Deploy.0 = Debug|Any CPU
		{6DEF8217-99F3-4E2C-8427-BD73E67483A0}.Debug|iPhone.ActiveCfg = Debug|Any CPU
		{6DEF8217-99F3-4E2C-8427-BD73E67483A0}.Debug|iPhone.Build.0 = Debug|Any CPU
		{6DEF8217-99F3-4E2C-8427-BD73E67483A0}.Debug|iPhone.Deploy.0 = Debug|Any CPU
		{6DEF8217-99F3-4E2C-8427-BD73E67483A0}.Debug|iPhoneSimulator.ActiveCfg = Debug|Any CPU
		{6DEF8217-99F3-4E2C-8427-BD73E67483A0}.Debug|iPhoneSimulator.Build.0 = Debug|Any CPU
		{6DEF8217-99F3-4E2C-8427-BD73E67483A0}.Debug|iPhoneSimulator.Deploy.0 = Debug|Any CPU
		{6DEF8217-99F3-4E2C-8427-BD73E67483A0}.Release|Any CPU.ActiveCfg = Release|Any CPU
		{6DEF8217-99F3-4E2C-8427-BD73E67483A0}.Release|Any CPU.Build.0 = Release|Any CPU
		{6DEF8217-99F3-4E2C-8427-BD73E67483A0}.Release|Any CPU.Deploy.0 = Release|Any CPU
		{6DEF8217-99F3-4E2C-8427-BD73E67483A0}.Release|iPhone.ActiveCfg = Release|Any CPU
		{6DEF8217-99F3-4E2C-8427-BD73E67483A0}.Release|iPhone.Build.0 = Release|Any CPU
		{6DEF8217-99F3-4E2C-8427-BD73E67483A0}.Release|iPhone.Deploy.0 = Release|Any CPU
		{6DEF8217-99F3-4E2C-8427-BD73E67483A0}.Release|iPhoneSimulator.ActiveCfg = Release|Any CPU
		{6DEF8217-99F3-4E2C-8427-BD73E67483A0}.Release|iPhoneSimulator.Build.0 = Release|Any CPU
		{6DEF8217-99F3-4E2C-8427-BD73E67483A0}.Release|iPhoneSimulator.Deploy.0 = Release|Any CPU
		{EF22227C-0305-4B3D-A7CD-169D3CDF0662}.Ad-Hoc|Any CPU.ActiveCfg = Ad-Hoc|iPhone
		{EF22227C-0305-4B3D-A7CD-169D3CDF0662}.Ad-Hoc|Any CPU.Build.0 = Ad-Hoc|iPhone
		{EF22227C-0305-4B3D-A7CD-169D3CDF0662}.Ad-Hoc|Any CPU.Deploy.0 = Ad-Hoc|iPhone
		{EF22227C-0305-4B3D-A7CD-169D3CDF0662}.Ad-Hoc|iPhone.ActiveCfg = Ad-Hoc|iPhone
		{EF22227C-0305-4B3D-A7CD-169D3CDF0662}.Ad-Hoc|iPhone.Build.0 = Ad-Hoc|iPhone
		{EF22227C-0305-4B3D-A7CD-169D3CDF0662}.Ad-Hoc|iPhone.Deploy.0 = Ad-Hoc|iPhone
		{EF22227C-0305-4B3D-A7CD-169D3CDF0662}.Ad-Hoc|iPhoneSimulator.ActiveCfg = Ad-Hoc|iPhoneSimulator
		{EF22227C-0305-4B3D-A7CD-169D3CDF0662}.Ad-Hoc|iPhoneSimulator.Build.0 = Ad-Hoc|iPhoneSimulator
		{EF22227C-0305-4B3D-A7CD-169D3CDF0662}.Ad-Hoc|iPhoneSimulator.Deploy.0 = Ad-Hoc|iPhoneSimulator
		{EF22227C-0305-4B3D-A7CD-169D3CDF0662}.AppStore|Any CPU.ActiveCfg = AppStore|iPhone
		{EF22227C-0305-4B3D-A7CD-169D3CDF0662}.AppStore|Any CPU.Build.0 = AppStore|iPhone
		{EF22227C-0305-4B3D-A7CD-169D3CDF0662}.AppStore|Any CPU.Deploy.0 = AppStore|iPhone
		{EF22227C-0305-4B3D-A7CD-169D3CDF0662}.AppStore|iPhone.ActiveCfg = AppStore|iPhone
		{EF22227C-0305-4B3D-A7CD-169D3CDF0662}.AppStore|iPhone.Build.0 = AppStore|iPhone
		{EF22227C-0305-4B3D-A7CD-169D3CDF0662}.AppStore|iPhone.Deploy.0 = AppStore|iPhone
		{EF22227C-0305-4B3D-A7CD-169D3CDF0662}.AppStore|iPhoneSimulator.ActiveCfg = AppStore|iPhoneSimulator
		{EF22227C-0305-4B3D-A7CD-169D3CDF0662}.AppStore|iPhoneSimulator.Build.0 = AppStore|iPhoneSimulator
		{EF22227C-0305-4B3D-A7CD-169D3CDF0662}.AppStore|iPhoneSimulator.Deploy.0 = AppStore|iPhoneSimulator
		{EF22227C-0305-4B3D-A7CD-169D3CDF0662}.Debug|Any CPU.ActiveCfg = Debug|iPhoneSimulator
		{EF22227C-0305-4B3D-A7CD-169D3CDF0662}.Debug|Any CPU.Build.0 = Debug|iPhoneSimulator
		{EF22227C-0305-4B3D-A7CD-169D3CDF0662}.Debug|Any CPU.Deploy.0 = Debug|iPhoneSimulator
		{EF22227C-0305-4B3D-A7CD-169D3CDF0662}.Debug|iPhone.ActiveCfg = Debug|iPhone
		{EF22227C-0305-4B3D-A7CD-169D3CDF0662}.Debug|iPhone.Build.0 = Debug|iPhone
		{EF22227C-0305-4B3D-A7CD-169D3CDF0662}.Debug|iPhone.Deploy.0 = Debug|iPhone
		{EF22227C-0305-4B3D-A7CD-169D3CDF0662}.Debug|iPhoneSimulator.ActiveCfg = Debug|iPhoneSimulator
		{EF22227C-0305-4B3D-A7CD-169D3CDF0662}.Debug|iPhoneSimulator.Build.0 = Debug|iPhoneSimulator
		{EF22227C-0305-4B3D-A7CD-169D3CDF0662}.Debug|iPhoneSimulator.Deploy.0 = Debug|iPhoneSimulator
		{EF22227C-0305-4B3D-A7CD-169D3CDF0662}.Release|Any CPU.ActiveCfg = Release|iPhone
		{EF22227C-0305-4B3D-A7CD-169D3CDF0662}.Release|Any CPU.Build.0 = Release|iPhone
		{EF22227C-0305-4B3D-A7CD-169D3CDF0662}.Release|Any CPU.Deploy.0 = Release|iPhone
		{EF22227C-0305-4B3D-A7CD-169D3CDF0662}.Release|iPhone.ActiveCfg = Release|iPhone
		{EF22227C-0305-4B3D-A7CD-169D3CDF0662}.Release|iPhone.Build.0 = Release|iPhone
		{EF22227C-0305-4B3D-A7CD-169D3CDF0662}.Release|iPhone.Deploy.0 = Release|iPhone
		{EF22227C-0305-4B3D-A7CD-169D3CDF0662}.Release|iPhoneSimulator.ActiveCfg = Release|iPhoneSimulator
		{EF22227C-0305-4B3D-A7CD-169D3CDF0662}.Release|iPhoneSimulator.Build.0 = Release|iPhoneSimulator
		{EF22227C-0305-4B3D-A7CD-169D3CDF0662}.Release|iPhoneSimulator.Deploy.0 = Release|iPhoneSimulator
		{F8E8DBB6-838B-41D6-96FE-E9AB6BEDEBDF}.Ad-Hoc|Any CPU.ActiveCfg = Debug|Any CPU
		{F8E8DBB6-838B-41D6-96FE-E9AB6BEDEBDF}.Ad-Hoc|Any CPU.Build.0 = Debug|Any CPU
		{F8E8DBB6-838B-41D6-96FE-E9AB6BEDEBDF}.Ad-Hoc|Any CPU.Deploy.0 = Debug|Any CPU
		{F8E8DBB6-838B-41D6-96FE-E9AB6BEDEBDF}.Ad-Hoc|iPhone.ActiveCfg = Debug|Any CPU
		{F8E8DBB6-838B-41D6-96FE-E9AB6BEDEBDF}.Ad-Hoc|iPhone.Build.0 = Debug|Any CPU
		{F8E8DBB6-838B-41D6-96FE-E9AB6BEDEBDF}.Ad-Hoc|iPhone.Deploy.0 = Debug|Any CPU
		{F8E8DBB6-838B-41D6-96FE-E9AB6BEDEBDF}.Ad-Hoc|iPhoneSimulator.ActiveCfg = Debug|Any CPU
		{F8E8DBB6-838B-41D6-96FE-E9AB6BEDEBDF}.Ad-Hoc|iPhoneSimulator.Build.0 = Debug|Any CPU
		{F8E8DBB6-838B-41D6-96FE-E9AB6BEDEBDF}.Ad-Hoc|iPhoneSimulator.Deploy.0 = Debug|Any CPU
		{F8E8DBB6-838B-41D6-96FE-E9AB6BEDEBDF}.AppStore|Any CPU.ActiveCfg = Debug|Any CPU
		{F8E8DBB6-838B-41D6-96FE-E9AB6BEDEBDF}.AppStore|Any CPU.Build.0 = Debug|Any CPU
		{F8E8DBB6-838B-41D6-96FE-E9AB6BEDEBDF}.AppStore|Any CPU.Deploy.0 = Debug|Any CPU
		{F8E8DBB6-838B-41D6-96FE-E9AB6BEDEBDF}.AppStore|iPhone.ActiveCfg = Debug|Any CPU
		{F8E8DBB6-838B-41D6-96FE-E9AB6BEDEBDF}.AppStore|iPhone.Build.0 = Debug|Any CPU
		{F8E8DBB6-838B-41D6-96FE-E9AB6BEDEBDF}.AppStore|iPhone.Deploy.0 = Debug|Any CPU
		{F8E8DBB6-838B-41D6-96FE-E9AB6BEDEBDF}.AppStore|iPhoneSimulator.ActiveCfg = Debug|Any CPU
		{F8E8DBB6-838B-41D6-96FE-E9AB6BEDEBDF}.AppStore|iPhoneSimulator.Build.0 = Debug|Any CPU
		{F8E8DBB6-838B-41D6-96FE-E9AB6BEDEBDF}.AppStore|iPhoneSimulator.Deploy.0 = Debug|Any CPU
		{F8E8DBB6-838B-41D6-96FE-E9AB6BEDEBDF}.Debug|Any CPU.ActiveCfg = Debug|Any CPU
		{F8E8DBB6-838B-41D6-96FE-E9AB6BEDEBDF}.Debug|Any CPU.Build.0 = Debug|Any CPU
		{F8E8DBB6-838B-41D6-96FE-E9AB6BEDEBDF}.Debug|Any CPU.Deploy.0 = Debug|Any CPU
		{F8E8DBB6-838B-41D6-96FE-E9AB6BEDEBDF}.Debug|iPhone.ActiveCfg = Debug|Any CPU
		{F8E8DBB6-838B-41D6-96FE-E9AB6BEDEBDF}.Debug|iPhone.Build.0 = Debug|Any CPU
		{F8E8DBB6-838B-41D6-96FE-E9AB6BEDEBDF}.Debug|iPhone.Deploy.0 = Debug|Any CPU
		{F8E8DBB6-838B-41D6-96FE-E9AB6BEDEBDF}.Debug|iPhoneSimulator.ActiveCfg = Debug|Any CPU
		{F8E8DBB6-838B-41D6-96FE-E9AB6BEDEBDF}.Debug|iPhoneSimulator.Build.0 = Debug|Any CPU
		{F8E8DBB6-838B-41D6-96FE-E9AB6BEDEBDF}.Debug|iPhoneSimulator.Deploy.0 = Debug|Any CPU
		{F8E8DBB6-838B-41D6-96FE-E9AB6BEDEBDF}.Release|Any CPU.ActiveCfg = Release|Any CPU
		{F8E8DBB6-838B-41D6-96FE-E9AB6BEDEBDF}.Release|Any CPU.Build.0 = Release|Any CPU
		{F8E8DBB6-838B-41D6-96FE-E9AB6BEDEBDF}.Release|Any CPU.Deploy.0 = Release|Any CPU
		{F8E8DBB6-838B-41D6-96FE-E9AB6BEDEBDF}.Release|iPhone.ActiveCfg = Release|Any CPU
		{F8E8DBB6-838B-41D6-96FE-E9AB6BEDEBDF}.Release|iPhone.Build.0 = Release|Any CPU
		{F8E8DBB6-838B-41D6-96FE-E9AB6BEDEBDF}.Release|iPhone.Deploy.0 = Release|Any CPU
		{F8E8DBB6-838B-41D6-96FE-E9AB6BEDEBDF}.Release|iPhoneSimulator.ActiveCfg = Release|Any CPU
		{F8E8DBB6-838B-41D6-96FE-E9AB6BEDEBDF}.Release|iPhoneSimulator.Build.0 = Release|Any CPU
		{F8E8DBB6-838B-41D6-96FE-E9AB6BEDEBDF}.Release|iPhoneSimulator.Deploy.0 = Release|Any CPU
	EndGlobalSection
	GlobalSection(SolutionProperties) = preSolution
		HideSolutionNode = FALSE
	EndGlobalSection
	GlobalSection(ExtensibilityGlobals) = postSolution
		SolutionGuid = {3877CF57-BB2E-4D4E-A3C0-2F279EC0B567}
	EndGlobalSection
EndGlobal
